// !$*UTF8*$!
{
	archiveVersion = 1;
	classes = {
	};
	objectVersion = 46;
	objects = {

/* Begin PBXBuildFile section */
		C54834BE1A0F666D009B5F2E /* AppDelegate.swift in Sources */ = {isa = PBXBuildFile; fileRef = C54834BD1A0F666D009B5F2E /* AppDelegate.swift */; };
		C54834C01A0F666D009B5F2E /* ViewController.swift in Sources */ = {isa = PBXBuildFile; fileRef = C54834BF1A0F666D009B5F2E /* ViewController.swift */; };
		C54834C31A0F666D009B5F2E /* Main.storyboard in Resources */ = {isa = PBXBuildFile; fileRef = C54834C11A0F666D009B5F2E /* Main.storyboard */; };
		C54834C51A0F666D009B5F2E /* Images.xcassets in Resources */ = {isa = PBXBuildFile; fileRef = C54834C41A0F666D009B5F2E /* Images.xcassets */; };
		C54834C81A0F666D009B5F2E /* LaunchScreen.xib in Resources */ = {isa = PBXBuildFile; fileRef = C54834C61A0F666D009B5F2E /* LaunchScreen.xib */; };
		C54834D41A0F666D009B5F2E /* Ders4_2Tests.swift in Sources */ = {isa = PBXBuildFile; fileRef = C54834D31A0F666D009B5F2E /* Ders4_2Tests.swift */; };
/* End PBXBuildFile section */

/* Begin PBXContainerItemProxy section */
		C54834CE1A0F666D009B5F2E /* PBXContainerItemProxy */ = {
			isa = PBXContainerItemProxy;
			containerPortal = C54834B01A0F666D009B5F2E /* Project object */;
			proxyType = 1;
			remoteGlobalIDString = C54834B71A0F666D009B5F2E;
			remoteInfo = "Ders4-2";
		};
/* End PBXContainerItemProxy section */

/* Begin PBXFileReference section */
		C54834B81A0F666D009B5F2E /* Ders4-2.app */ = {isa = PBXFileReference; explicitFileType = wrapper.application; includeInIndex = 0; path = "Ders4-2.app"; sourceTree = BUILT_PRODUCTS_DIR; };
		C54834BC1A0F666D009B5F2E /* Info.plist */ = {isa = PBXFileReference; lastKnownFileType = text.plist.xml; path = Info.plist; sourceTree = "<group>"; };
		C54834BD1A0F666D009B5F2E /* AppDelegate.swift */ = {isa = PBXFileReference; lastKnownFileType = sourcecode.swift; path = AppDelegate.swift; sourceTree = "<group>"; };
		C54834BF1A0F666D009B5F2E /* ViewController.swift */ = {isa = PBXFileReference; lastKnownFileType = sourcecode.swift; path = ViewController.swift; sourceTree = "<group>"; };
		C54834C21A0F666D009B5F2E /* Base */ = {isa = PBXFileReference; lastKnownFileType = file.storyboard; name = Base; path = Base.lproj/Main.storyboard; sourceTree = "<group>"; };
		C54834C41A0F666D009B5F2E /* Images.xcassets */ = {isa = PBXFileReference; lastKnownFileType = folder.assetcatalog; path = Images.xcassets; sourceTree = "<group>"; };
		C54834C71A0F666D009B5F2E /* Base */ = {isa = PBXFileReference; lastKnownFileType = file.xib; name = Base; path = Base.lproj/LaunchScreen.xib; sourceTree = "<group>"; };
		C54834CD1A0F666D009B5F2E /* Ders4-2Tests.xctest */ = {isa = PBXFileReference; explicitFileType = wrapper.cfbundle; includeInIndex = 0; path = "Ders4-2Tests.xctest"; sourceTree = BUILT_PRODUCTS_DIR; };
		C54834D21A0F666D009B5F2E /* Info.plist */ = {isa = PBXFileReference; lastKnownFileType = text.plist.xml; path = Info.plist; sourceTree = "<group>"; };
		C54834D31A0F666D009B5F2E /* Ders4_2Tests.swift */ = {isa = PBXFileReference; lastKnownFileType = sourcecode.swift; path = Ders4_2Tests.swift; sourceTree = "<group>"; };
/* End PBXFileReference section */

/* Begin PBXFrameworksBuildPhase section */
		C54834B51A0F666D009B5F2E /* Frameworks */ = {
			isa = PBXFrameworksBuildPhase;
			buildActionMask = 2147483647;
			files = (
			);
			runOnlyForDeploymentPostprocessing = 0;
		};
		C54834CA1A0F666D009B5F2E /* Frameworks */ = {
			isa = PBXFrameworksBuildPhase;
			buildActionMask = 2147483647;
			files = (
			);
			runOnlyForDeploymentPostprocessing = 0;
		};
/* End PBXFrameworksBuildPhase section */

/* Begin PBXGroup section */
		C54834AF1A0F666D009B5F2E = {
			isa = PBXGroup;
			children = (
				C54834BA1A0F666D009B5F2E /* Ders4-2 */,
				C54834D01A0F666D009B5F2E /* Ders4-2Tests */,
				C54834B91A0F666D009B5F2E /* Products */,
			);
			sourceTree = "<group>";
		};
		C54834B91A0F666D009B5F2E /* Products */ = {
			isa = PBXGroup;
			children = (
				C54834B81A0F666D009B5F2E /* Ders4-2.app */,
				C54834CD1A0F666D009B5F2E /* Ders4-2Tests.xctest */,
			);
			name = Products;
			sourceTree = "<group>";
		};
		C54834BA1A0F666D009B5F2E /* Ders4-2 */ = {
			isa = PBXGroup;
			children = (
				C54834BD1A0F666D009B5F2E /* AppDelegate.swift */,
				C54834BF1A0F666D009B5F2E /* ViewController.swift */,
				C54834C11A0F666D009B5F2E /* Main.storyboard */,
				C54834C41A0F666D009B5F2E /* Images.xcassets */,
				C54834C61A0F666D009B5F2E /* LaunchScreen.xib */,
				C54834BB1A0F666D009B5F2E /* Supporting Files */,
			);
			path = "Ders4-2";
			sourceTree = "<group>";
		};
		C54834BB1A0F666D009B5F2E /* Supporting Files */ = {
			isa = PBXGroup;
			children = (
				C54834BC1A0F666D009B5F2E /* Info.plist */,
			);
			name = "Supporting Files";
			sourceTree = "<group>";
		};
		C54834D01A0F666D009B5F2E /* Ders4-2Tests */ = {
			isa = PBXGroup;
			children = (
				C54834D31A0F666D009B5F2E /* Ders4_2Tests.swift */,
				C54834D11A0F666D009B5F2E /* Supporting Files */,
			);
			path = "Ders4-2Tests";
			sourceTree = "<group>";
		};
		C54834D11A0F666D009B5F2E /* Supporting Files */ = {
			isa = PBXGroup;
			children = (
				C54834D21A0F666D009B5F2E /* Info.plist */,
			);
			name = "Supporting Files";
			sourceTree = "<group>";
		};
/* End PBXGroup section */

/* Begin PBXNativeTarget section */
		C54834B71A0F666D009B5F2E /* Ders4-2 */ = {
			isa = PBXNativeTarget;
			buildConfigurationList = C54834D71A0F666D009B5F2E /* Build configuration list for PBXNativeTarget "Ders4-2" */;
			buildPhases = (
				C54834B41A0F666D009B5F2E /* Sources */,
				C54834B51A0F666D009B5F2E /* Frameworks */,
				C54834B61A0F666D009B5F2E /* Resources */,
			);
			buildRules = (
			);
			dependencies = (
			);
			name = "Ders4-2";
			productName = "Ders4-2";
			productReference = C54834B81A0F666D009B5F2E /* Ders4-2.app */;
			productType = "com.apple.product-type.application";
		};
		C54834CC1A0F666D009B5F2E /* Ders4-2Tests */ = {
			isa = PBXNativeTarget;
			buildConfigurationList = C54834DA1A0F666D009B5F2E /* Build configuration list for PBXNativeTarget "Ders4-2Tests" */;
			buildPhases = (
				C54834C91A0F666D009B5F2E /* Sources */,
				C54834CA1A0F666D009B5F2E /* Frameworks */,
				C54834CB1A0F666D009B5F2E /* Resources */,
			);
			buildRules = (
			);
			dependencies = (
				C54834CF1A0F666D009B5F2E /* PBXTargetDependency */,
			);
			name = "Ders4-2Tests";
			productName = "Ders4-2Tests";
			productReference = C54834CD1A0F666D009B5F2E /* Ders4-2Tests.xctest */;
			productType = "com.apple.product-type.bundle.unit-test";
		};
/* End PBXNativeTarget section */

/* Begin PBXProject section */
		C54834B01A0F666D009B5F2E /* Project object */ = {
			isa = PBXProject;
			attributes = {
				LastUpgradeCheck = 0610;
				ORGANIZATIONNAME = Wissen;
				TargetAttributes = {
					C54834B71A0F666D009B5F2E = {
						CreatedOnToolsVersion = 6.1;
					};
					C54834CC1A0F666D009B5F2E = {
						CreatedOnToolsVersion = 6.1;
						TestTargetID = C54834B71A0F666D009B5F2E;
					};
				};
			};
			buildConfigurationList = C54834B31A0F666D009B5F2E /* Build configuration list for PBXProject "Ders4-2" */;
			compatibilityVersion = "Xcode 3.2";
			developmentRegion = English;
			hasScannedForEncodings = 0;
			knownRegions = (
				en,
				Base,
			);
			mainGroup = C54834AF1A0F666D009B5F2E;
			productRefGroup = C54834B91A0F666D009B5F2E /* Products */;
			projectDirPath = "";
			projectRoot = "";
			targets = (
				C54834B71A0F666D009B5F2E /* Ders4-2 */,
				C54834CC1A0F666D009B5F2E /* Ders4-2Tests */,
			);
		};
/* End PBXProject section */

/* Begin PBXResourcesBuildPhase section */
		C54834B61A0F666D009B5F2E /* Resources */ = {
			isa = PBXResourcesBuildPhase;
			buildActionMask = 2147483647;
			files = (
				C54834C31A0F666D009B5F2E /* Main.storyboard in Resources */,
				C54834C81A0F666D009B5F2E /* LaunchScreen.xib in Resources */,
				C54834C51A0F666D009B5F2E /* Images.xcassets in Resources */,
			);
			runOnlyForDeploymentPostprocessing = 0;
		};
		C54834CB1A0F666D009B5F2E /* Resources */ = {
			isa = PBXResourcesBuildPhase;
			buildActionMask = 2147483647;
			files = (
			);
			runOnlyForDeploymentPostprocessing = 0;
		};
/* End PBXResourcesBuildPhase section */

/* Begin PBXSourcesBuildPhase section */
		C54834B41A0F666D009B5F2E /* Sources */ = {
			isa = PBXSourcesBuildPhase;
			buildActionMask = 2147483647;
			files = (
				C54834C01A0F666D009B5F2E /* ViewController.swift in Sources */,
				C54834BE1A0F666D009B5F2E /* AppDelegate.swift in Sources */,
			);
			runOnlyForDeploymentPostprocessing = 0;
		};
		C54834C91A0F666D009B5F2E /* Sources */ = {
			isa = PBXSourcesBuildPhase;
			buildActionMask = 2147483647;
			files = (
				C54834D41A0F666D009B5F2E /* Ders4_2Tests.swift in Sources */,
			);
			runOnlyForDeploymentPostprocessing = 0;
		};
/* End PBXSourcesBuildPhase section */

/* Begin PBXTargetDependency section */
		C54834CF1A0F666D009B5F2E /* PBXTargetDependency */ = {
			isa = PBXTargetDependency;
			target = C54834B71A0F666D009B5F2E /* Ders4-2 */;
			targetProxy = C54834CE1A0F666D009B5F2E /* PBXContainerItemProxy */;
		};
/* End PBXTargetDependency section */

/* Begin PBXVariantGroup section */
		C54834C11A0F666D009B5F2E /* Main.storyboard */ = {
			isa = PBXVariantGroup;
			children = (
				C54834C21A0F666D009B5F2E /* Base */,
			);
			name = Main.storyboard;
			sourceTree = "<group>";
		};
		C54834C61A0F666D009B5F2E /* LaunchScreen.xib */ = {
			isa = PBXVariantGroup;
			children = (
				C54834C71A0F666D009B5F2E /* Base */,
			);
			name = LaunchScreen.xib;
			sourceTree = "<group>";
		};
/* End PBXVariantGroup section */

/* Begin XCBuildConfiguration section */
		C54834D51A0F666D009B5F2E /* Debug */ = {
			isa = XCBuildConfiguration;
			buildSettings = {
				ALWAYS_SEARCH_USER_PATHS = NO;
				CLANG_CXX_LANGUAGE_STANDARD = "gnu++0x";
				CLANG_CXX_LIBRARY = "libc++";
				CLANG_ENABLE_MODULES = YES;
				CLANG_ENABLE_OBJC_ARC = YES;
				CLANG_WARN_BOOL_CONVERSION = YES;
				CLANG_WARN_CONSTANT_CONVERSION = YES;
				CLANG_WARN_DIRECT_OBJC_ISA_USAGE = YES_ERROR;
				CLANG_WARN_EMPTY_BODY = YES;
				CLANG_WARN_ENUM_CONVERSION = YES;
				CLANG_WARN_INT_CONVERSION = YES;
				CLANG_WARN_OBJC_ROOT_CLASS = YES_ERROR;
				CLANG_WARN_UNREACHABLE_CODE = YES;
				CLANG_WARN__DUPLICATE_METHOD_MATCH = YES;
				"CODE_SIGN_IDENTITY[sdk=iphoneos*]" = "iPhone Developer";
				COPY_PHASE_STRIP = NO;
				ENABLE_STRICT_OBJC_MSGSEND = YES;
				GCC_C_LANGUAGE_STANDARD = gnu99;
				GCC_DYNAMIC_NO_PIC = NO;
				GCC_OPTIMIZATION_LEVEL = 0;
				GCC_PREPROCESSOR_DEFINITIONS = (
					"DEBUG=1",
					"$(inherited)",
				);
				GCC_SYMBOLS_PRIVATE_EXTERN = NO;
				GCC_WARN_64_TO_32_BIT_CONVERSION = YES;
				GCC_WARN_ABOUT_RETURN_TYPE = YES_ERROR;
				GCC_WARN_UNDECLARED_SELECTOR = YES;
				GCC_WARN_UNINITIALIZED_AUTOS = YES_AGGRESSIVE;
				GCC_WARN_UNUSED_FUNCTION = YES;
				GCC_WARN_UNUSED_VARIABLE = YES;
				IPHONEOS_DEPLOYMENT_TARGET = 8.1;
				MTL_ENABLE_DEBUG_INFO = YES;
				ONLY_ACTIVE_ARCH = YES;
				SDKROOT = iphoneos;
				SWIFT_OPTIMIZATION_LEVEL = "-Onone";
			};
			name = Debug;
		};
		C54834D61A0F666D009B5F2E /* Release */ = {
			isa = XCBuildConfiguration;
			buildSettings = {
				ALWAYS_SEARCH_USER_PATHS = NO;
				CLANG_CXX_LANGUAGE_STANDARD = "gnu++0x";
				CLANG_CXX_LIBRARY = "libc++";
				CLANG_ENABLE_MODULES = YES;
				CLANG_ENABLE_OBJC_ARC = YES;
				CLANG_WARN_BOOL_CONVERSION = YES;
				CLANG_WARN_CONSTANT_CONVERSION = YES;
				CLANG_WARN_DIRECT_OBJC_ISA_USAGE = YES_ERROR;
				CLANG_WARN_EMPTY_BODY = YES;
				CLANG_WARN_ENUM_CONVERSION = YES;
				CLANG_WARN_INT_CONVERSION = YES;
				CLANG_WARN_OBJC_ROOT_CLASS = YES_ERROR;
				CLANG_WARN_UNREACHABLE_CODE = YES;
				CLANG_WARN__DUPLICATE_METHOD_MATCH = YES;
				"CODE_SIGN_IDENTITY[sdk=iphoneos*]" = "iPhone Developer";
				COPY_PHASE_STRIP = YES;
				ENABLE_NS_ASSERTIONS = NO;
				ENABLE_STRICT_OBJC_MSGSEND = YES;
				GCC_C_LANGUAGE_STANDARD = gnu99;
				GCC_WARN_64_TO_32_BIT_CONVERSION = YES;
				GCC_WARN_ABOUT_RETURN_TYPE = YES_ERROR;
				GCC_WARN_UNDECLARED_SELECTOR = YES;
				GCC_WARN_UNINITIALIZED_AUTOS = YES_AGGRESSIVE;
				GCC_WARN_UNUSED_FUNCTION = YES;
				GCC_WARN_UNUSED_VARIABLE = YES;
				IPHONEOS_DEPLOYMENT_TARGET = 8.1;
				MTL_ENABLE_DEBUG_INFO = NO;
				SDKROOT = iphoneos;
				VALIDATE_PRODUCT = YES;
			};
			name = Release;
		};
		C54834D81A0F666D009B5F2E /* Debug */ = {
			isa = XCBuildConfiguration;
			buildSettings = {
				ASSETCATALOG_COMPILER_APPICON_NAME = AppIcon;
				INFOPLIST_FILE = "Ders4-2/Info.plist";
				LD_RUNPATH_SEARCH_PATHS = "$(inherited) @executable_path/Frameworks";
				PRODUCT_NAME = "$(TARGET_NAME)";
			};
			name = Debug;
		};
		C54834D91A0F666D009B5F2E /* Release */ = {
			isa = XCBuildConfiguration;
			buildSettings = {
				ASSETCATALOG_COMPILER_APPICON_NAME = AppIcon;
				INFOPLIST_FILE = "Ders4-2/Info.plist";
				LD_RUNPATH_SEARCH_PATHS = "$(inherited) @executable_path/Frameworks";
				PRODUCT_NAME = "$(TARGET_NAME)";
			};
			name = Release;
		};
		C54834DB1A0F666D009B5F2E /* Debug */ = {
			isa = XCBuildConfiguration;
			buildSettings = {
				BUNDLE_LOADER = "$(TEST_HOST)";
				FRAMEWORK_SEARCH_PATHS = (
					"$(SDKROOT)/Developer/Library/Frameworks",
					"$(inherited)",
				);
				GCC_PREPROCESSOR_DEFINITIONS = (
					"DEBUG=1",
					"$(inherited)",
				);
				INFOPLIST_FILE = "Ders4-2Tests/Info.plist";
				LD_RUNPATH_SEARCH_PATHS = "$(inherited) @executable_path/Frameworks @loader_path/Frameworks";
				PRODUCT_NAME = "$(TARGET_NAME)";
				TEST_HOST = "$(BUILT_PRODUCTS_DIR)/Ders4-2.app/Ders4-2";
			};
			name = Debug;
		};
		C54834DC1A0F666D009B5F2E /* Release */ = {
			isa = XCBuildConfiguration;
			buildSettings = {
				BUNDLE_LOADER = "$(TEST_HOST)";
				FRAMEWORK_SEARCH_PATHS = (
					"$(SDKROOT)/Developer/Library/Frameworks",
					"$(inherited)",
				);
				INFOPLIST_FILE = "Ders4-2Tests/Info.plist";
				LD_RUNPATH_SEARCH_PATHS = "$(inherited) @executable_path/Frameworks @loader_path/Frameworks";
				PRODUCT_NAME = "$(TARGET_NAME)";
				TEST_HOST = "$(BUILT_PRODUCTS_DIR)/Ders4-2.app/Ders4-2";
			};
			name = Release;
		};
/* End XCBuildConfiguration section */

/* Begin XCConfigurationList section */
		C54834B31A0F666D009B5F2E /* Build configuration list for PBXProject "Ders4-2" */ = {
			isa = XCConfigurationList;
			buildConfigurations = (
				C54834D51A0F666D009B5F2E /* Debug */,
				C54834D61A0F666D009B5F2E /* Release */,
			);
			defaultConfigurationIsVisible = 0;
			defaultConfigurationName = Release;
		};
		C54834D71A0F666D009B5F2E /* Build configuration list for PBXNativeTarget "Ders4-2" */ = {
			isa = XCConfigurationList;
			buildConfigurations = (
				C54834D81A0F666D009B5F2E /* Debug */,
				C54834D91A0F666D009B5F2E /* Release */,
			);
			defaultConfigurationIsVisible = 0;
			defaultConfigurationName = Release;
		};
		C54834DA1A0F666D009B5F2E /* Build configuration list for PBXNativeTarget "Ders4-2Tests" */ = {
			isa = XCConfigurationList;
			buildConfigurations = (
				C54834DB1A0F666D009B5F2E /* Debug */,
				C54834DC1A0F666D009B5F2E /* Release */,
			);
			defaultConfigurationIsVisible = 0;
			defaultConfigurationName = Release;
		};
/* End XCConfigurationList section */
	};
	rootObject = C54834B01A0F666D009B5F2E /* Project object */;
}
