// !$*UTF8*$!
{
	archiveVersion = 1;
	classes = {
	};
	objectVersion = 46;
	objects = {

/* Begin PBXBuildFile section */
		C5503A5A1A174F4A00D997E4 /* AppDelegate.swift in Sources */ = {isa = PBXBuildFile; fileRef = C5503A591A174F4A00D997E4 /* AppDelegate.swift */; };
		C5503A5C1A174F4A00D997E4 /* ViewController.swift in Sources */ = {isa = PBXBuildFile; fileRef = C5503A5B1A174F4A00D997E4 /* ViewController.swift */; };
		C5503A5F1A174F4A00D997E4 /* Main.storyboard in Resources */ = {isa = PBXBuildFile; fileRef = C5503A5D1A174F4A00D997E4 /* Main.storyboard */; };
		C5503A611A174F4A00D997E4 /* Images.xcassets in Resources */ = {isa = PBXBuildFile; fileRef = C5503A601A174F4A00D997E4 /* Images.xcassets */; };
		C5503A641A174F4A00D997E4 /* LaunchScreen.xib in Resources */ = {isa = PBXBuildFile; fileRef = C5503A621A174F4A00D997E4 /* LaunchScreen.xib */; };
		C5503A701A174F4A00D997E4 /* Ders5Tests.swift in Sources */ = {isa = PBXBuildFile; fileRef = C5503A6F1A174F4A00D997E4 /* Ders5Tests.swift */; };
		C5503A7A1A176E4700D997E4 /* KatilimciCell.swift in Sources */ = {isa = PBXBuildFile; fileRef = C5503A791A176E4700D997E4 /* KatilimciCell.swift */; };
/* End PBXBuildFile section */

/* Begin PBXContainerItemProxy section */
		C5503A6A1A174F4A00D997E4 /* PBXContainerItemProxy */ = {
			isa = PBXContainerItemProxy;
			containerPortal = C5503A4C1A174F4A00D997E4 /* Project object */;
			proxyType = 1;
			remoteGlobalIDString = C5503A531A174F4A00D997E4;
			remoteInfo = Ders5;
		};
/* End PBXContainerItemProxy section */

/* Begin PBXFileReference section */
		C5503A541A174F4A00D997E4 /* Ders5.app */ = {isa = PBXFileReference; explicitFileType = wrapper.application; includeInIndex = 0; path = Ders5.app; sourceTree = BUILT_PRODUCTS_DIR; };
		C5503A581A174F4A00D997E4 /* Info.plist */ = {isa = PBXFileReference; lastKnownFileType = text.plist.xml; path = Info.plist; sourceTree = "<group>"; };
		C5503A591A174F4A00D997E4 /* AppDelegate.swift */ = {isa = PBXFileReference; lastKnownFileType = sourcecode.swift; path = AppDelegate.swift; sourceTree = "<group>"; };
		C5503A5B1A174F4A00D997E4 /* ViewController.swift */ = {isa = PBXFileReference; lastKnownFileType = sourcecode.swift; path = ViewController.swift; sourceTree = "<group>"; };
		C5503A5E1A174F4A00D997E4 /* Base */ = {isa = PBXFileReference; lastKnownFileType = file.storyboard; name = Base; path = Base.lproj/Main.storyboard; sourceTree = "<group>"; };
		C5503A601A174F4A00D997E4 /* Images.xcassets */ = {isa = PBXFileReference; lastKnownFileType = folder.assetcatalog; path = Images.xcassets; sourceTree = "<group>"; };
		C5503A631A174F4A00D997E4 /* Base */ = {isa = PBXFileReference; lastKnownFileType = file.xib; name = Base; path = Base.lproj/LaunchScreen.xib; sourceTree = "<group>"; };
		C5503A691A174F4A00D997E4 /* Ders5Tests.xctest */ = {isa = PBXFileReference; explicitFileType = wrapper.cfbundle; includeInIndex = 0; path = Ders5Tests.xctest; sourceTree = BUILT_PRODUCTS_DIR; };
		C5503A6E1A174F4A00D997E4 /* Info.plist */ = {isa = PBXFileReference; lastKnownFileType = text.plist.xml; path = Info.plist; sourceTree = "<group>"; };
		C5503A6F1A174F4A00D997E4 /* Ders5Tests.swift */ = {isa = PBXFileReference; lastKnownFileType = sourcecode.swift; path = Ders5Tests.swift; sourceTree = "<group>"; };
		C5503A791A176E4700D997E4 /* KatilimciCell.swift */ = {isa = PBXFileReference; fileEncoding = 4; lastKnownFileType = sourcecode.swift; path = KatilimciCell.swift; sourceTree = "<group>"; };
/* End PBXFileReference section */

/* Begin PBXFrameworksBuildPhase section */
		C5503A511A174F4A00D997E4 /* Frameworks */ = {
			isa = PBXFrameworksBuildPhase;
			buildActionMask = 2147483647;
			files = (
			);
			runOnlyForDeploymentPostprocessing = 0;
		};
		C5503A661A174F4A00D997E4 /* Frameworks */ = {
			isa = PBXFrameworksBuildPhase;
			buildActionMask = 2147483647;
			files = (
			);
			runOnlyForDeploymentPostprocessing = 0;
		};
/* End PBXFrameworksBuildPhase section */

/* Begin PBXGroup section */
		C5503A4B1A174F4A00D997E4 = {
			isa = PBXGroup;
			children = (
				C5503A561A174F4A00D997E4 /* Ders5 */,
				C5503A6C1A174F4A00D997E4 /* Ders5Tests */,
				C5503A551A174F4A00D997E4 /* Products */,
			);
			sourceTree = "<group>";
		};
		C5503A551A174F4A00D997E4 /* Products */ = {
			isa = PBXGroup;
			children = (
				C5503A541A174F4A00D997E4 /* Ders5.app */,
				C5503A691A174F4A00D997E4 /* Ders5Tests.xctest */,
			);
			name = Products;
			sourceTree = "<group>";
		};
		C5503A561A174F4A00D997E4 /* Ders5 */ = {
			isa = PBXGroup;
			children = (
				C5503A591A174F4A00D997E4 /* AppDelegate.swift */,
				C5503A5B1A174F4A00D997E4 /* ViewController.swift */,
				C5503A5D1A174F4A00D997E4 /* Main.storyboard */,
				C5503A601A174F4A00D997E4 /* Images.xcassets */,
				C5503A621A174F4A00D997E4 /* LaunchScreen.xib */,
				C5503A571A174F4A00D997E4 /* Supporting Files */,
				C5503A791A176E4700D997E4 /* KatilimciCell.swift */,
			);
			path = Ders5;
			sourceTree = "<group>";
		};
		C5503A571A174F4A00D997E4 /* Supporting Files */ = {
			isa = PBXGroup;
			children = (
				C5503A581A174F4A00D997E4 /* Info.plist */,
			);
			name = "Supporting Files";
			sourceTree = "<group>";
		};
		C5503A6C1A174F4A00D997E4 /* Ders5Tests */ = {
			isa = PBXGroup;
			children = (
				C5503A6F1A174F4A00D997E4 /* Ders5Tests.swift */,
				C5503A6D1A174F4A00D997E4 /* Supporting Files */,
			);
			path = Ders5Tests;
			sourceTree = "<group>";
		};
		C5503A6D1A174F4A00D997E4 /* Supporting Files */ = {
			isa = PBXGroup;
			children = (
				C5503A6E1A174F4A00D997E4 /* Info.plist */,
			);
			name = "Supporting Files";
			sourceTree = "<group>";
		};
/* End PBXGroup section */

/* Begin PBXNativeTarget section */
		C5503A531A174F4A00D997E4 /* Ders5 */ = {
			isa = PBXNativeTarget;
			buildConfigurationList = C5503A731A174F4A00D997E4 /* Build configuration list for PBXNativeTarget "Ders5" */;
			buildPhases = (
				C5503A501A174F4A00D997E4 /* Sources */,
				C5503A511A174F4A00D997E4 /* Frameworks */,
				C5503A521A174F4A00D997E4 /* Resources */,
			);
			buildRules = (
			);
			dependencies = (
			);
			name = Ders5;
			productName = Ders5;
			productReference = C5503A541A174F4A00D997E4 /* Ders5.app */;
			productType = "com.apple.product-type.application";
		};
		C5503A681A174F4A00D997E4 /* Ders5Tests */ = {
			isa = PBXNativeTarget;
			buildConfigurationList = C5503A761A174F4A00D997E4 /* Build configuration list for PBXNativeTarget "Ders5Tests" */;
			buildPhases = (
				C5503A651A174F4A00D997E4 /* Sources */,
				C5503A661A174F4A00D997E4 /* Frameworks */,
				C5503A671A174F4A00D997E4 /* Resources */,
			);
			buildRules = (
			);
			dependencies = (
				C5503A6B1A174F4A00D997E4 /* PBXTargetDependency */,
			);
			name = Ders5Tests;
			productName = Ders5Tests;
			productReference = C5503A691A174F4A00D997E4 /* Ders5Tests.xctest */;
			productType = "com.apple.product-type.bundle.unit-test";
		};
/* End PBXNativeTarget section */

/* Begin PBXProject section */
		C5503A4C1A174F4A00D997E4 /* Project object */ = {
			isa = PBXProject;
			attributes = {
				LastUpgradeCheck = 0610;
				ORGANIZATIONNAME = Wissen;
				TargetAttributes = {
					C5503A531A174F4A00D997E4 = {
						CreatedOnToolsVersion = 6.1;
					};
					C5503A681A174F4A00D997E4 = {
						CreatedOnToolsVersion = 6.1;
						TestTargetID = C5503A531A174F4A00D997E4;
					};
				};
			};
			buildConfigurationList = C5503A4F1A174F4A00D997E4 /* Build configuration list for PBXProject "Ders5" */;
			compatibilityVersion = "Xcode 3.2";
			developmentRegion = English;
			hasScannedForEncodings = 0;
			knownRegions = (
				en,
				Base,
			);
			mainGroup = C5503A4B1A174F4A00D997E4;
			productRefGroup = C5503A551A174F4A00D997E4 /* Products */;
			projectDirPath = "";
			projectRoot = "";
			targets = (
				C5503A531A174F4A00D997E4 /* Ders5 */,
				C5503A681A174F4A00D997E4 /* Ders5Tests */,
			);
		};
/* End PBXProject section */

/* Begin PBXResourcesBuildPhase section */
		C5503A521A174F4A00D997E4 /* Resources */ = {
			isa = PBXResourcesBuildPhase;
			buildActionMask = 2147483647;
			files = (
				C5503A5F1A174F4A00D997E4 /* Main.storyboard in Resources */,
				C5503A641A174F4A00D997E4 /* LaunchScreen.xib in Resources */,
				C5503A611A174F4A00D997E4 /* Images.xcassets in Resources */,
			);
			runOnlyForDeploymentPostprocessing = 0;
		};
		C5503A671A174F4A00D997E4 /* Resources */ = {
			isa = PBXResourcesBuildPhase;
			buildActionMask = 2147483647;
			files = (
			);
			runOnlyForDeploymentPostprocessing = 0;
		};
/* End PBXResourcesBuildPhase section */

/* Begin PBXSourcesBuildPhase section */
		C5503A501A174F4A00D997E4 /* Sources */ = {
			isa = PBXSourcesBuildPhase;
			buildActionMask = 2147483647;
			files = (
				C5503A5C1A174F4A00D997E4 /* ViewController.swift in Sources */,
				C5503A5A1A174F4A00D997E4 /* AppDelegate.swift in Sources */,
				C5503A7A1A176E4700D997E4 /* KatilimciCell.swift in Sources */,
			);
			runOnlyForDeploymentPostprocessing = 0;
		};
		C5503A651A174F4A00D997E4 /* Sources */ = {
			isa = PBXSourcesBuildPhase;
			buildActionMask = 2147483647;
			files = (
				C5503A701A174F4A00D997E4 /* Ders5Tests.swift in Sources */,
			);
			runOnlyForDeploymentPostprocessing = 0;
		};
/* End PBXSourcesBuildPhase section */

/* Begin PBXTargetDependency section */
		C5503A6B1A174F4A00D997E4 /* PBXTargetDependency */ = {
			isa = PBXTargetDependency;
			target = C5503A531A174F4A00D997E4 /* Ders5 */;
			targetProxy = C5503A6A1A174F4A00D997E4 /* PBXContainerItemProxy */;
		};
/* End PBXTargetDependency section */

/* Begin PBXVariantGroup section */
		C5503A5D1A174F4A00D997E4 /* Main.storyboard */ = {
			isa = PBXVariantGroup;
			children = (
				C5503A5E1A174F4A00D997E4 /* Base */,
			);
			name = Main.storyboard;
			sourceTree = "<group>";
		};
		C5503A621A174F4A00D997E4 /* LaunchScreen.xib */ = {
			isa = PBXVariantGroup;
			children = (
				C5503A631A174F4A00D997E4 /* Base */,
			);
			name = LaunchScreen.xib;
			sourceTree = "<group>";
		};
/* End PBXVariantGroup section */

/* Begin XCBuildConfiguration section */
		C5503A711A174F4A00D997E4 /* Debug */ = {
			isa = XCBuildConfiguration;
			buildSettings = {
				ALWAYS_SEARCH_USER_PATHS = NO;
				CLANG_CXX_LANGUAGE_STANDARD = "gnu++0x";
				CLANG_CXX_LIBRARY = "libc++";
				CLANG_ENABLE_MODULES = YES;
				CLANG_ENABLE_OBJC_ARC = YES;
				CLANG_WARN_BOOL_CONVERSION = YES;
				CLANG_WARN_CONSTANT_CONVERSION = YES;
				CLANG_WARN_DIRECT_OBJC_ISA_USAGE = YES_ERROR;
				CLANG_WARN_EMPTY_BODY = YES;
				CLANG_WARN_ENUM_CONVERSION = YES;
				CLANG_WARN_INT_CONVERSION = YES;
				CLANG_WARN_OBJC_ROOT_CLASS = YES_ERROR;
				CLANG_WARN_UNREACHABLE_CODE = YES;
				CLANG_WARN__DUPLICATE_METHOD_MATCH = YES;
				"CODE_SIGN_IDENTITY[sdk=iphoneos*]" = "iPhone Developer";
				COPY_PHASE_STRIP = NO;
				ENABLE_STRICT_OBJC_MSGSEND = YES;
				GCC_C_LANGUAGE_STANDARD = gnu99;
				GCC_DYNAMIC_NO_PIC = NO;
				GCC_OPTIMIZATION_LEVEL = 0;
				GCC_PREPROCESSOR_DEFINITIONS = (
					"DEBUG=1",
					"$(inherited)",
				);
				GCC_SYMBOLS_PRIVATE_EXTERN = NO;
				GCC_WARN_64_TO_32_BIT_CONVERSION = YES;
				GCC_WARN_ABOUT_RETURN_TYPE = YES_ERROR;
				GCC_WARN_UNDECLARED_SELECTOR = YES;
				GCC_WARN_UNINITIALIZED_AUTOS = YES_AGGRESSIVE;
				GCC_WARN_UNUSED_FUNCTION = YES;
				GCC_WARN_UNUSED_VARIABLE = YES;
				IPHONEOS_DEPLOYMENT_TARGET = 8.1;
				MTL_ENABLE_DEBUG_INFO = YES;
				ONLY_ACTIVE_ARCH = YES;
				SDKROOT = iphoneos;
				SWIFT_OPTIMIZATION_LEVEL = "-Onone";
			};
			name = Debug;
		};
		C5503A721A174F4A00D997E4 /* Release */ = {
			isa = XCBuildConfiguration;
			buildSettings = {
				ALWAYS_SEARCH_USER_PATHS = NO;
				CLANG_CXX_LANGUAGE_STANDARD = "gnu++0x";
				CLANG_CXX_LIBRARY = "libc++";
				CLANG_ENABLE_MODULES = YES;
				CLANG_ENABLE_OBJC_ARC = YES;
				CLANG_WARN_BOOL_CONVERSION = YES;
				CLANG_WARN_CONSTANT_CONVERSION = YES;
				CLANG_WARN_DIRECT_OBJC_ISA_USAGE = YES_ERROR;
				CLANG_WARN_EMPTY_BODY = YES;
				CLANG_WARN_ENUM_CONVERSION = YES;
				CLANG_WARN_INT_CONVERSION = YES;
				CLANG_WARN_OBJC_ROOT_CLASS = YES_ERROR;
				CLANG_WARN_UNREACHABLE_CODE = YES;
				CLANG_WARN__DUPLICATE_METHOD_MATCH = YES;
				"CODE_SIGN_IDENTITY[sdk=iphoneos*]" = "iPhone Developer";
				COPY_PHASE_STRIP = YES;
				ENABLE_NS_ASSERTIONS = NO;
				ENABLE_STRICT_OBJC_MSGSEND = YES;
				GCC_C_LANGUAGE_STANDARD = gnu99;
				GCC_WARN_64_TO_32_BIT_CONVERSION = YES;
				GCC_WARN_ABOUT_RETURN_TYPE = YES_ERROR;
				GCC_WARN_UNDECLARED_SELECTOR = YES;
				GCC_WARN_UNINITIALIZED_AUTOS = YES_AGGRESSIVE;
				GCC_WARN_UNUSED_FUNCTION = YES;
				GCC_WARN_UNUSED_VARIABLE = YES;
				IPHONEOS_DEPLOYMENT_TARGET = 8.1;
				MTL_ENABLE_DEBUG_INFO = NO;
				SDKROOT = iphoneos;
				VALIDATE_PRODUCT = YES;
			};
			name = Release;
		};
		C5503A741A174F4A00D997E4 /* Debug */ = {
			isa = XCBuildConfiguration;
			buildSettings = {
				ASSETCATALOG_COMPILER_APPICON_NAME = AppIcon;
				INFOPLIST_FILE = Ders5/Info.plist;
				LD_RUNPATH_SEARCH_PATHS = "$(inherited) @executable_path/Frameworks";
				PRODUCT_NAME = "$(TARGET_NAME)";
			};
			name = Debug;
		};
		C5503A751A174F4A00D997E4 /* Release */ = {
			isa = XCBuildConfiguration;
			buildSettings = {
				ASSETCATALOG_COMPILER_APPICON_NAME = AppIcon;
				INFOPLIST_FILE = Ders5/Info.plist;
				LD_RUNPATH_SEARCH_PATHS = "$(inherited) @executable_path/Frameworks";
				PRODUCT_NAME = "$(TARGET_NAME)";
			};
			name = Release;
		};
		C5503A771A174F4A00D997E4 /* Debug */ = {
			isa = XCBuildConfiguration;
			buildSettings = {
				BUNDLE_LOADER = "$(TEST_HOST)";
				FRAMEWORK_SEARCH_PATHS = (
					"$(SDKROOT)/Developer/Library/Frameworks",
					"$(inherited)",
				);
				GCC_PREPROCESSOR_DEFINITIONS = (
					"DEBUG=1",
					"$(inherited)",
				);
				INFOPLIST_FILE = Ders5Tests/Info.plist;
				LD_RUNPATH_SEARCH_PATHS = "$(inherited) @executable_path/Frameworks @loader_path/Frameworks";
				PRODUCT_NAME = "$(TARGET_NAME)";
				TEST_HOST = "$(BUILT_PRODUCTS_DIR)/Ders5.app/Ders5";
			};
			name = Debug;
		};
		C5503A781A174F4A00D997E4 /* Release */ = {
			isa = XCBuildConfiguration;
			buildSettings = {
				BUNDLE_LOADER = "$(TEST_HOST)";
				FRAMEWORK_SEARCH_PATHS = (
					"$(SDKROOT)/Developer/Library/Frameworks",
					"$(inherited)",
				);
				INFOPLIST_FILE = Ders5Tests/Info.plist;
				LD_RUNPATH_SEARCH_PATHS = "$(inherited) @executable_path/Frameworks @loader_path/Frameworks";
				PRODUCT_NAME = "$(TARGET_NAME)";
				TEST_HOST = "$(BUILT_PRODUCTS_DIR)/Ders5.app/Ders5";
			};
			name = Release;
		};
/* End XCBuildConfiguration section */

/* Begin XCConfigurationList section */
		C5503A4F1A174F4A00D997E4 /* Build configuration list for PBXProject "Ders5" */ = {
			isa = XCConfigurationList;
			buildConfigurations = (
				C5503A711A174F4A00D997E4 /* Debug */,
				C5503A721A174F4A00D997E4 /* Release */,
			);
			defaultConfigurationIsVisible = 0;
			defaultConfigurationName = Release;
		};
		C5503A731A174F4A00D997E4 /* Build configuration list for PBXNativeTarget "Ders5" */ = {
			isa = XCConfigurationList;
			buildConfigurations = (
				C5503A741A174F4A00D997E4 /* Debug */,
				C5503A751A174F4A00D997E4 /* Release */,
			);
			defaultConfigurationIsVisible = 0;
			defaultConfigurationName = Release;
		};
		C5503A761A174F4A00D997E4 /* Build configuration list for PBXNativeTarget "Ders5Tests" */ = {
			isa = XCConfigurationList;
			buildConfigurations = (
				C5503A771A174F4A00D997E4 /* Debug */,
				C5503A781A174F4A00D997E4 /* Release */,
			);
			defaultConfigurationIsVisible = 0;
			defaultConfigurationName = Release;
		};
/* End XCConfigurationList section */
	};
	rootObject = C5503A4C1A174F4A00D997E4 /* Project object */;
}
