// !$*UTF8*$!
{
	archiveVersion = 1;
	classes = {
	};
	objectVersion = 46;
	objects = {

/* Begin PBXBuildFile section */
		C57809761A6A55A5005180A4 /* AppDelegate.swift in Sources */ = {isa = PBXBuildFile; fileRef = C57809751A6A55A5005180A4 /* AppDelegate.swift */; };
		C57809781A6A55A5005180A4 /* ViewController.swift in Sources */ = {isa = PBXBuildFile; fileRef = C57809771A6A55A5005180A4 /* ViewController.swift */; };
		C578097B1A6A55A5005180A4 /* Main.storyboard in Resources */ = {isa = PBXBuildFile; fileRef = C57809791A6A55A5005180A4 /* Main.storyboard */; };
		C578097D1A6A55A5005180A4 /* Images.xcassets in Resources */ = {isa = PBXBuildFile; fileRef = C578097C1A6A55A5005180A4 /* Images.xcassets */; };
		C57809801A6A55A5005180A4 /* LaunchScreen.xib in Resources */ = {isa = PBXBuildFile; fileRef = C578097E1A6A55A5005180A4 /* LaunchScreen.xib */; };
		C578098C1A6A55A5005180A4 /* Ders21Tests.swift in Sources */ = {isa = PBXBuildFile; fileRef = C578098B1A6A55A5005180A4 /* Ders21Tests.swift */; };
/* End PBXBuildFile section */

/* Begin PBXContainerItemProxy section */
		C57809861A6A55A5005180A4 /* PBXContainerItemProxy */ = {
			isa = PBXContainerItemProxy;
			containerPortal = C57809681A6A55A5005180A4 /* Project object */;
			proxyType = 1;
			remoteGlobalIDString = C578096F1A6A55A5005180A4;
			remoteInfo = Ders21;
		};
/* End PBXContainerItemProxy section */

/* Begin PBXFileReference section */
		C57809701A6A55A5005180A4 /* Ders21.app */ = {isa = PBXFileReference; explicitFileType = wrapper.application; includeInIndex = 0; path = Ders21.app; sourceTree = BUILT_PRODUCTS_DIR; };
		C57809741A6A55A5005180A4 /* Info.plist */ = {isa = PBXFileReference; lastKnownFileType = text.plist.xml; path = Info.plist; sourceTree = "<group>"; };
		C57809751A6A55A5005180A4 /* AppDelegate.swift */ = {isa = PBXFileReference; lastKnownFileType = sourcecode.swift; path = AppDelegate.swift; sourceTree = "<group>"; };
		C57809771A6A55A5005180A4 /* ViewController.swift */ = {isa = PBXFileReference; lastKnownFileType = sourcecode.swift; path = ViewController.swift; sourceTree = "<group>"; };
		C578097A1A6A55A5005180A4 /* Base */ = {isa = PBXFileReference; lastKnownFileType = file.storyboard; name = Base; path = Base.lproj/Main.storyboard; sourceTree = "<group>"; };
		C578097C1A6A55A5005180A4 /* Images.xcassets */ = {isa = PBXFileReference; lastKnownFileType = folder.assetcatalog; path = Images.xcassets; sourceTree = "<group>"; };
		C578097F1A6A55A5005180A4 /* Base */ = {isa = PBXFileReference; lastKnownFileType = file.xib; name = Base; path = Base.lproj/LaunchScreen.xib; sourceTree = "<group>"; };
		C57809851A6A55A5005180A4 /* Ders21Tests.xctest */ = {isa = PBXFileReference; explicitFileType = wrapper.cfbundle; includeInIndex = 0; path = Ders21Tests.xctest; sourceTree = BUILT_PRODUCTS_DIR; };
		C578098A1A6A55A5005180A4 /* Info.plist */ = {isa = PBXFileReference; lastKnownFileType = text.plist.xml; path = Info.plist; sourceTree = "<group>"; };
		C578098B1A6A55A5005180A4 /* Ders21Tests.swift */ = {isa = PBXFileReference; lastKnownFileType = sourcecode.swift; path = Ders21Tests.swift; sourceTree = "<group>"; };
/* End PBXFileReference section */

/* Begin PBXFrameworksBuildPhase section */
		C578096D1A6A55A5005180A4 /* Frameworks */ = {
			isa = PBXFrameworksBuildPhase;
			buildActionMask = 2147483647;
			files = (
			);
			runOnlyForDeploymentPostprocessing = 0;
		};
		C57809821A6A55A5005180A4 /* Frameworks */ = {
			isa = PBXFrameworksBuildPhase;
			buildActionMask = 2147483647;
			files = (
			);
			runOnlyForDeploymentPostprocessing = 0;
		};
/* End PBXFrameworksBuildPhase section */

/* Begin PBXGroup section */
		C57809671A6A55A5005180A4 = {
			isa = PBXGroup;
			children = (
				C57809721A6A55A5005180A4 /* Ders21 */,
				C57809881A6A55A5005180A4 /* Ders21Tests */,
				C57809711A6A55A5005180A4 /* Products */,
			);
			sourceTree = "<group>";
		};
		C57809711A6A55A5005180A4 /* Products */ = {
			isa = PBXGroup;
			children = (
				C57809701A6A55A5005180A4 /* Ders21.app */,
				C57809851A6A55A5005180A4 /* Ders21Tests.xctest */,
			);
			name = Products;
			sourceTree = "<group>";
		};
		C57809721A6A55A5005180A4 /* Ders21 */ = {
			isa = PBXGroup;
			children = (
				C57809751A6A55A5005180A4 /* AppDelegate.swift */,
				C57809771A6A55A5005180A4 /* ViewController.swift */,
				C57809791A6A55A5005180A4 /* Main.storyboard */,
				C578097C1A6A55A5005180A4 /* Images.xcassets */,
				C578097E1A6A55A5005180A4 /* LaunchScreen.xib */,
				C57809731A6A55A5005180A4 /* Supporting Files */,
			);
			path = Ders21;
			sourceTree = "<group>";
		};
		C57809731A6A55A5005180A4 /* Supporting Files */ = {
			isa = PBXGroup;
			children = (
				C57809741A6A55A5005180A4 /* Info.plist */,
			);
			name = "Supporting Files";
			sourceTree = "<group>";
		};
		C57809881A6A55A5005180A4 /* Ders21Tests */ = {
			isa = PBXGroup;
			children = (
				C578098B1A6A55A5005180A4 /* Ders21Tests.swift */,
				C57809891A6A55A5005180A4 /* Supporting Files */,
			);
			path = Ders21Tests;
			sourceTree = "<group>";
		};
		C57809891A6A55A5005180A4 /* Supporting Files */ = {
			isa = PBXGroup;
			children = (
				C578098A1A6A55A5005180A4 /* Info.plist */,
			);
			name = "Supporting Files";
			sourceTree = "<group>";
		};
/* End PBXGroup section */

/* Begin PBXNativeTarget section */
		C578096F1A6A55A5005180A4 /* Ders21 */ = {
			isa = PBXNativeTarget;
			buildConfigurationList = C578098F1A6A55A5005180A4 /* Build configuration list for PBXNativeTarget "Ders21" */;
			buildPhases = (
				C578096C1A6A55A5005180A4 /* Sources */,
				C578096D1A6A55A5005180A4 /* Frameworks */,
				C578096E1A6A55A5005180A4 /* Resources */,
			);
			buildRules = (
			);
			dependencies = (
			);
			name = Ders21;
			productName = Ders21;
			productReference = C57809701A6A55A5005180A4 /* Ders21.app */;
			productType = "com.apple.product-type.application";
		};
		C57809841A6A55A5005180A4 /* Ders21Tests */ = {
			isa = PBXNativeTarget;
			buildConfigurationList = C57809921A6A55A5005180A4 /* Build configuration list for PBXNativeTarget "Ders21Tests" */;
			buildPhases = (
				C57809811A6A55A5005180A4 /* Sources */,
				C57809821A6A55A5005180A4 /* Frameworks */,
				C57809831A6A55A5005180A4 /* Resources */,
			);
			buildRules = (
			);
			dependencies = (
				C57809871A6A55A5005180A4 /* PBXTargetDependency */,
			);
			name = Ders21Tests;
			productName = Ders21Tests;
			productReference = C57809851A6A55A5005180A4 /* Ders21Tests.xctest */;
			productType = "com.apple.product-type.bundle.unit-test";
		};
/* End PBXNativeTarget section */

/* Begin PBXProject section */
		C57809681A6A55A5005180A4 /* Project object */ = {
			isa = PBXProject;
			attributes = {
				LastUpgradeCheck = 0610;
				ORGANIZATIONNAME = Wissen;
				TargetAttributes = {
					C578096F1A6A55A5005180A4 = {
						CreatedOnToolsVersion = 6.1.1;
					};
					C57809841A6A55A5005180A4 = {
						CreatedOnToolsVersion = 6.1.1;
						TestTargetID = C578096F1A6A55A5005180A4;
					};
				};
			};
			buildConfigurationList = C578096B1A6A55A5005180A4 /* Build configuration list for PBXProject "Ders21" */;
			compatibilityVersion = "Xcode 3.2";
			developmentRegion = English;
			hasScannedForEncodings = 0;
			knownRegions = (
				en,
				Base,
			);
			mainGroup = C57809671A6A55A5005180A4;
			productRefGroup = C57809711A6A55A5005180A4 /* Products */;
			projectDirPath = "";
			projectRoot = "";
			targets = (
				C578096F1A6A55A5005180A4 /* Ders21 */,
				C57809841A6A55A5005180A4 /* Ders21Tests */,
			);
		};
/* End PBXProject section */

/* Begin PBXResourcesBuildPhase section */
		C578096E1A6A55A5005180A4 /* Resources */ = {
			isa = PBXResourcesBuildPhase;
			buildActionMask = 2147483647;
			files = (
				C578097B1A6A55A5005180A4 /* Main.storyboard in Resources */,
				C57809801A6A55A5005180A4 /* LaunchScreen.xib in Resources */,
				C578097D1A6A55A5005180A4 /* Images.xcassets in Resources */,
			);
			runOnlyForDeploymentPostprocessing = 0;
		};
		C57809831A6A55A5005180A4 /* Resources */ = {
			isa = PBXResourcesBuildPhase;
			buildActionMask = 2147483647;
			files = (
			);
			runOnlyForDeploymentPostprocessing = 0;
		};
/* End PBXResourcesBuildPhase section */

/* Begin PBXSourcesBuildPhase section */
		C578096C1A6A55A5005180A4 /* Sources */ = {
			isa = PBXSourcesBuildPhase;
			buildActionMask = 2147483647;
			files = (
				C57809781A6A55A5005180A4 /* ViewController.swift in Sources */,
				C57809761A6A55A5005180A4 /* AppDelegate.swift in Sources */,
			);
			runOnlyForDeploymentPostprocessing = 0;
		};
		C57809811A6A55A5005180A4 /* Sources */ = {
			isa = PBXSourcesBuildPhase;
			buildActionMask = 2147483647;
			files = (
				C578098C1A6A55A5005180A4 /* Ders21Tests.swift in Sources */,
			);
			runOnlyForDeploymentPostprocessing = 0;
		};
/* End PBXSourcesBuildPhase section */

/* Begin PBXTargetDependency section */
		C57809871A6A55A5005180A4 /* PBXTargetDependency */ = {
			isa = PBXTargetDependency;
			target = C578096F1A6A55A5005180A4 /* Ders21 */;
			targetProxy = C57809861A6A55A5005180A4 /* PBXContainerItemProxy */;
		};
/* End PBXTargetDependency section */

/* Begin PBXVariantGroup section */
		C57809791A6A55A5005180A4 /* Main.storyboard */ = {
			isa = PBXVariantGroup;
			children = (
				C578097A1A6A55A5005180A4 /* Base */,
			);
			name = Main.storyboard;
			sourceTree = "<group>";
		};
		C578097E1A6A55A5005180A4 /* LaunchScreen.xib */ = {
			isa = PBXVariantGroup;
			children = (
				C578097F1A6A55A5005180A4 /* Base */,
			);
			name = LaunchScreen.xib;
			sourceTree = "<group>";
		};
/* End PBXVariantGroup section */

/* Begin XCBuildConfiguration section */
		C578098D1A6A55A5005180A4 /* Debug */ = {
			isa = XCBuildConfiguration;
			buildSettings = {
				ALWAYS_SEARCH_USER_PATHS = NO;
				CLANG_CXX_LANGUAGE_STANDARD = "gnu++0x";
				CLANG_CXX_LIBRARY = "libc++";
				CLANG_ENABLE_MODULES = YES;
				CLANG_ENABLE_OBJC_ARC = YES;
				CLANG_WARN_BOOL_CONVERSION = YES;
				CLANG_WARN_CONSTANT_CONVERSION = YES;
				CLANG_WARN_DIRECT_OBJC_ISA_USAGE = YES_ERROR;
				CLANG_WARN_EMPTY_BODY = YES;
				CLANG_WARN_ENUM_CONVERSION = YES;
				CLANG_WARN_INT_CONVERSION = YES;
				CLANG_WARN_OBJC_ROOT_CLASS = YES_ERROR;
				CLANG_WARN_UNREACHABLE_CODE = YES;
				CLANG_WARN__DUPLICATE_METHOD_MATCH = YES;
				"CODE_SIGN_IDENTITY[sdk=iphoneos*]" = "iPhone Developer";
				COPY_PHASE_STRIP = NO;
				ENABLE_STRICT_OBJC_MSGSEND = YES;
				GCC_C_LANGUAGE_STANDARD = gnu99;
				GCC_DYNAMIC_NO_PIC = NO;
				GCC_OPTIMIZATION_LEVEL = 0;
				GCC_PREPROCESSOR_DEFINITIONS = (
					"DEBUG=1",
					"$(inherited)",
				);
				GCC_SYMBOLS_PRIVATE_EXTERN = NO;
				GCC_WARN_64_TO_32_BIT_CONVERSION = YES;
				GCC_WARN_ABOUT_RETURN_TYPE = YES_ERROR;
				GCC_WARN_UNDECLARED_SELECTOR = YES;
				GCC_WARN_UNINITIALIZED_AUTOS = YES_AGGRESSIVE;
				GCC_WARN_UNUSED_FUNCTION = YES;
				GCC_WARN_UNUSED_VARIABLE = YES;
				IPHONEOS_DEPLOYMENT_TARGET = 8.1;
				MTL_ENABLE_DEBUG_INFO = YES;
				ONLY_ACTIVE_ARCH = YES;
				SDKROOT = iphoneos;
				SWIFT_OPTIMIZATION_LEVEL = "-Onone";
				TARGETED_DEVICE_FAMILY = "1,2";
			};
			name = Debug;
		};
		C578098E1A6A55A5005180A4 /* Release */ = {
			isa = XCBuildConfiguration;
			buildSettings = {
				ALWAYS_SEARCH_USER_PATHS = NO;
				CLANG_CXX_LANGUAGE_STANDARD = "gnu++0x";
				CLANG_CXX_LIBRARY = "libc++";
				CLANG_ENABLE_MODULES = YES;
				CLANG_ENABLE_OBJC_ARC = YES;
				CLANG_WARN_BOOL_CONVERSION = YES;
				CLANG_WARN_CONSTANT_CONVERSION = YES;
				CLANG_WARN_DIRECT_OBJC_ISA_USAGE = YES_ERROR;
				CLANG_WARN_EMPTY_BODY = YES;
				CLANG_WARN_ENUM_CONVERSION = YES;
				CLANG_WARN_INT_CONVERSION = YES;
				CLANG_WARN_OBJC_ROOT_CLASS = YES_ERROR;
				CLANG_WARN_UNREACHABLE_CODE = YES;
				CLANG_WARN__DUPLICATE_METHOD_MATCH = YES;
				"CODE_SIGN_IDENTITY[sdk=iphoneos*]" = "iPhone Developer";
				COPY_PHASE_STRIP = YES;
				ENABLE_NS_ASSERTIONS = NO;
				ENABLE_STRICT_OBJC_MSGSEND = YES;
				GCC_C_LANGUAGE_STANDARD = gnu99;
				GCC_WARN_64_TO_32_BIT_CONVERSION = YES;
				GCC_WARN_ABOUT_RETURN_TYPE = YES_ERROR;
				GCC_WARN_UNDECLARED_SELECTOR = YES;
				GCC_WARN_UNINITIALIZED_AUTOS = YES_AGGRESSIVE;
				GCC_WARN_UNUSED_FUNCTION = YES;
				GCC_WARN_UNUSED_VARIABLE = YES;
				IPHONEOS_DEPLOYMENT_TARGET = 8.1;
				MTL_ENABLE_DEBUG_INFO = NO;
				SDKROOT = iphoneos;
				TARGETED_DEVICE_FAMILY = "1,2";
				VALIDATE_PRODUCT = YES;
			};
			name = Release;
		};
		C57809901A6A55A5005180A4 /* Debug */ = {
			isa = XCBuildConfiguration;
			buildSettings = {
				ASSETCATALOG_COMPILER_APPICON_NAME = AppIcon;
				INFOPLIST_FILE = Ders21/Info.plist;
				LD_RUNPATH_SEARCH_PATHS = "$(inherited) @executable_path/Frameworks";
				PRODUCT_NAME = "$(TARGET_NAME)";
			};
			name = Debug;
		};
		C57809911A6A55A5005180A4 /* Release */ = {
			isa = XCBuildConfiguration;
			buildSettings = {
				ASSETCATALOG_COMPILER_APPICON_NAME = AppIcon;
				INFOPLIST_FILE = Ders21/Info.plist;
				LD_RUNPATH_SEARCH_PATHS = "$(inherited) @executable_path/Frameworks";
				PRODUCT_NAME = "$(TARGET_NAME)";
			};
			name = Release;
		};
		C57809931A6A55A5005180A4 /* Debug */ = {
			isa = XCBuildConfiguration;
			buildSettings = {
				BUNDLE_LOADER = "$(TEST_HOST)";
				FRAMEWORK_SEARCH_PATHS = (
					"$(SDKROOT)/Developer/Library/Frameworks",
					"$(inherited)",
				);
				GCC_PREPROCESSOR_DEFINITIONS = (
					"DEBUG=1",
					"$(inherited)",
				);
				INFOPLIST_FILE = Ders21Tests/Info.plist;
				LD_RUNPATH_SEARCH_PATHS = "$(inherited) @executable_path/Frameworks @loader_path/Frameworks";
				PRODUCT_NAME = "$(TARGET_NAME)";
				TEST_HOST = "$(BUILT_PRODUCTS_DIR)/Ders21.app/Ders21";
			};
			name = Debug;
		};
		C57809941A6A55A5005180A4 /* Release */ = {
			isa = XCBuildConfiguration;
			buildSettings = {
				BUNDLE_LOADER = "$(TEST_HOST)";
				FRAMEWORK_SEARCH_PATHS = (
					"$(SDKROOT)/Developer/Library/Frameworks",
					"$(inherited)",
				);
				INFOPLIST_FILE = Ders21Tests/Info.plist;
				LD_RUNPATH_SEARCH_PATHS = "$(inherited) @executable_path/Frameworks @loader_path/Frameworks";
				PRODUCT_NAME = "$(TARGET_NAME)";
				TEST_HOST = "$(BUILT_PRODUCTS_DIR)/Ders21.app/Ders21";
			};
			name = Release;
		};
/* End XCBuildConfiguration section */

/* Begin XCConfigurationList section */
		C578096B1A6A55A5005180A4 /* Build configuration list for PBXProject "Ders21" */ = {
			isa = XCConfigurationList;
			buildConfigurations = (
				C578098D1A6A55A5005180A4 /* Debug */,
				C578098E1A6A55A5005180A4 /* Release */,
			);
			defaultConfigurationIsVisible = 0;
			defaultConfigurationName = Release;
		};
		C578098F1A6A55A5005180A4 /* Build configuration list for PBXNativeTarget "Ders21" */ = {
			isa = XCConfigurationList;
			buildConfigurations = (
				C57809901A6A55A5005180A4 /* Debug */,
				C57809911A6A55A5005180A4 /* Release */,
			);
			defaultConfigurationIsVisible = 0;
		};
		C57809921A6A55A5005180A4 /* Build configuration list for PBXNativeTarget "Ders21Tests" */ = {
			isa = XCConfigurationList;
			buildConfigurations = (
				C57809931A6A55A5005180A4 /* Debug */,
				C57809941A6A55A5005180A4 /* Release */,
			);
			defaultConfigurationIsVisible = 0;
		};
/* End XCConfigurationList section */
	};
	rootObject = C57809681A6A55A5005180A4 /* Project object */;
}
