// !$*UTF8*$!
{
	archiveVersion = 1;
	classes = {
	};
	objectVersion = 46;
	objects = {

/* Begin PBXBuildFile section */
		C53897371A06149200B8F429 /* AppDelegate.swift in Sources */ = {isa = PBXBuildFile; fileRef = C53897361A06149200B8F429 /* AppDelegate.swift */; };
		C53897391A06149200B8F429 /* ViewController.swift in Sources */ = {isa = PBXBuildFile; fileRef = C53897381A06149200B8F429 /* ViewController.swift */; };
		C538973C1A06149200B8F429 /* Main.storyboard in Resources */ = {isa = PBXBuildFile; fileRef = C538973A1A06149200B8F429 /* Main.storyboard */; };
		C538973E1A06149200B8F429 /* Images.xcassets in Resources */ = {isa = PBXBuildFile; fileRef = C538973D1A06149200B8F429 /* Images.xcassets */; };
		C53897411A06149200B8F429 /* LaunchScreen.xib in Resources */ = {isa = PBXBuildFile; fileRef = C538973F1A06149200B8F429 /* LaunchScreen.xib */; };
		C538974D1A06149200B8F429 /* Ders2Tests.swift in Sources */ = {isa = PBXBuildFile; fileRef = C538974C1A06149200B8F429 /* Ders2Tests.swift */; };
		C53897571A062CFA00B8F429 /* WelcomeViewController.swift in Sources */ = {isa = PBXBuildFile; fileRef = C53897561A062CFA00B8F429 /* WelcomeViewController.swift */; };
/* End PBXBuildFile section */

/* Begin PBXContainerItemProxy section */
		C53897471A06149200B8F429 /* PBXContainerItemProxy */ = {
			isa = PBXContainerItemProxy;
			containerPortal = C53897291A06149200B8F429 /* Project object */;
			proxyType = 1;
			remoteGlobalIDString = C53897301A06149200B8F429;
			remoteInfo = Ders2;
		};
/* End PBXContainerItemProxy section */

/* Begin PBXFileReference section */
		C53897311A06149200B8F429 /* Ders2.app */ = {isa = PBXFileReference; explicitFileType = wrapper.application; includeInIndex = 0; path = Ders2.app; sourceTree = BUILT_PRODUCTS_DIR; };
		C53897351A06149200B8F429 /* Info.plist */ = {isa = PBXFileReference; lastKnownFileType = text.plist.xml; path = Info.plist; sourceTree = "<group>"; };
		C53897361A06149200B8F429 /* AppDelegate.swift */ = {isa = PBXFileReference; lastKnownFileType = sourcecode.swift; path = AppDelegate.swift; sourceTree = "<group>"; };
		C53897381A06149200B8F429 /* ViewController.swift */ = {isa = PBXFileReference; lastKnownFileType = sourcecode.swift; path = ViewController.swift; sourceTree = "<group>"; };
		C538973B1A06149200B8F429 /* Base */ = {isa = PBXFileReference; lastKnownFileType = file.storyboard; name = Base; path = Base.lproj/Main.storyboard; sourceTree = "<group>"; };
		C538973D1A06149200B8F429 /* Images.xcassets */ = {isa = PBXFileReference; lastKnownFileType = folder.assetcatalog; path = Images.xcassets; sourceTree = "<group>"; };
		C53897401A06149200B8F429 /* Base */ = {isa = PBXFileReference; lastKnownFileType = file.xib; name = Base; path = Base.lproj/LaunchScreen.xib; sourceTree = "<group>"; };
		C53897461A06149200B8F429 /* Ders2Tests.xctest */ = {isa = PBXFileReference; explicitFileType = wrapper.cfbundle; includeInIndex = 0; path = Ders2Tests.xctest; sourceTree = BUILT_PRODUCTS_DIR; };
		C538974B1A06149200B8F429 /* Info.plist */ = {isa = PBXFileReference; lastKnownFileType = text.plist.xml; path = Info.plist; sourceTree = "<group>"; };
		C538974C1A06149200B8F429 /* Ders2Tests.swift */ = {isa = PBXFileReference; lastKnownFileType = sourcecode.swift; path = Ders2Tests.swift; sourceTree = "<group>"; };
		C53897561A062CFA00B8F429 /* WelcomeViewController.swift */ = {isa = PBXFileReference; fileEncoding = 4; lastKnownFileType = sourcecode.swift; path = WelcomeViewController.swift; sourceTree = "<group>"; };
/* End PBXFileReference section */

/* Begin PBXFrameworksBuildPhase section */
		C538972E1A06149200B8F429 /* Frameworks */ = {
			isa = PBXFrameworksBuildPhase;
			buildActionMask = 2147483647;
			files = (
			);
			runOnlyForDeploymentPostprocessing = 0;
		};
		C53897431A06149200B8F429 /* Frameworks */ = {
			isa = PBXFrameworksBuildPhase;
			buildActionMask = 2147483647;
			files = (
			);
			runOnlyForDeploymentPostprocessing = 0;
		};
/* End PBXFrameworksBuildPhase section */

/* Begin PBXGroup section */
		C53897281A06149200B8F429 = {
			isa = PBXGroup;
			children = (
				C53897331A06149200B8F429 /* Ders2 */,
				C53897491A06149200B8F429 /* Ders2Tests */,
				C53897321A06149200B8F429 /* Products */,
			);
			sourceTree = "<group>";
		};
		C53897321A06149200B8F429 /* Products */ = {
			isa = PBXGroup;
			children = (
				C53897311A06149200B8F429 /* Ders2.app */,
				C53897461A06149200B8F429 /* Ders2Tests.xctest */,
			);
			name = Products;
			sourceTree = "<group>";
		};
		C53897331A06149200B8F429 /* Ders2 */ = {
			isa = PBXGroup;
			children = (
				C53897361A06149200B8F429 /* AppDelegate.swift */,
				C53897381A06149200B8F429 /* ViewController.swift */,
				C53897561A062CFA00B8F429 /* WelcomeViewController.swift */,
				C538973A1A06149200B8F429 /* Main.storyboard */,
				C538973D1A06149200B8F429 /* Images.xcassets */,
				C538973F1A06149200B8F429 /* LaunchScreen.xib */,
				C53897341A06149200B8F429 /* Supporting Files */,
			);
			path = Ders2;
			sourceTree = "<group>";
		};
		C53897341A06149200B8F429 /* Supporting Files */ = {
			isa = PBXGroup;
			children = (
				C53897351A06149200B8F429 /* Info.plist */,
			);
			name = "Supporting Files";
			sourceTree = "<group>";
		};
		C53897491A06149200B8F429 /* Ders2Tests */ = {
			isa = PBXGroup;
			children = (
				C538974C1A06149200B8F429 /* Ders2Tests.swift */,
				C538974A1A06149200B8F429 /* Supporting Files */,
			);
			path = Ders2Tests;
			sourceTree = "<group>";
		};
		C538974A1A06149200B8F429 /* Supporting Files */ = {
			isa = PBXGroup;
			children = (
				C538974B1A06149200B8F429 /* Info.plist */,
			);
			name = "Supporting Files";
			sourceTree = "<group>";
		};
/* End PBXGroup section */

/* Begin PBXNativeTarget section */
		C53897301A06149200B8F429 /* Ders2 */ = {
			isa = PBXNativeTarget;
			buildConfigurationList = C53897501A06149200B8F429 /* Build configuration list for PBXNativeTarget "Ders2" */;
			buildPhases = (
				C538972D1A06149200B8F429 /* Sources */,
				C538972E1A06149200B8F429 /* Frameworks */,
				C538972F1A06149200B8F429 /* Resources */,
			);
			buildRules = (
			);
			dependencies = (
			);
			name = Ders2;
			productName = Ders2;
			productReference = C53897311A06149200B8F429 /* Ders2.app */;
			productType = "com.apple.product-type.application";
		};
		C53897451A06149200B8F429 /* Ders2Tests */ = {
			isa = PBXNativeTarget;
			buildConfigurationList = C53897531A06149200B8F429 /* Build configuration list for PBXNativeTarget "Ders2Tests" */;
			buildPhases = (
				C53897421A06149200B8F429 /* Sources */,
				C53897431A06149200B8F429 /* Frameworks */,
				C53897441A06149200B8F429 /* Resources */,
			);
			buildRules = (
			);
			dependencies = (
				C53897481A06149200B8F429 /* PBXTargetDependency */,
			);
			name = Ders2Tests;
			productName = Ders2Tests;
			productReference = C53897461A06149200B8F429 /* Ders2Tests.xctest */;
			productType = "com.apple.product-type.bundle.unit-test";
		};
/* End PBXNativeTarget section */

/* Begin PBXProject section */
		C53897291A06149200B8F429 /* Project object */ = {
			isa = PBXProject;
			attributes = {
				LastUpgradeCheck = 0610;
				ORGANIZATIONNAME = Wissen;
				TargetAttributes = {
					C53897301A06149200B8F429 = {
						CreatedOnToolsVersion = 6.1;
					};
					C53897451A06149200B8F429 = {
						CreatedOnToolsVersion = 6.1;
						TestTargetID = C53897301A06149200B8F429;
					};
				};
			};
			buildConfigurationList = C538972C1A06149200B8F429 /* Build configuration list for PBXProject "Ders2" */;
			compatibilityVersion = "Xcode 3.2";
			developmentRegion = English;
			hasScannedForEncodings = 0;
			knownRegions = (
				en,
				Base,
			);
			mainGroup = C53897281A06149200B8F429;
			productRefGroup = C53897321A06149200B8F429 /* Products */;
			projectDirPath = "";
			projectRoot = "";
			targets = (
				C53897301A06149200B8F429 /* Ders2 */,
				C53897451A06149200B8F429 /* Ders2Tests */,
			);
		};
/* End PBXProject section */

/* Begin PBXResourcesBuildPhase section */
		C538972F1A06149200B8F429 /* Resources */ = {
			isa = PBXResourcesBuildPhase;
			buildActionMask = 2147483647;
			files = (
				C538973C1A06149200B8F429 /* Main.storyboard in Resources */,
				C53897411A06149200B8F429 /* LaunchScreen.xib in Resources */,
				C538973E1A06149200B8F429 /* Images.xcassets in Resources */,
			);
			runOnlyForDeploymentPostprocessing = 0;
		};
		C53897441A06149200B8F429 /* Resources */ = {
			isa = PBXResourcesBuildPhase;
			buildActionMask = 2147483647;
			files = (
			);
			runOnlyForDeploymentPostprocessing = 0;
		};
/* End PBXResourcesBuildPhase section */

/* Begin PBXSourcesBuildPhase section */
		C538972D1A06149200B8F429 /* Sources */ = {
			isa = PBXSourcesBuildPhase;
			buildActionMask = 2147483647;
			files = (
				C53897571A062CFA00B8F429 /* WelcomeViewController.swift in Sources */,
				C53897391A06149200B8F429 /* ViewController.swift in Sources */,
				C53897371A06149200B8F429 /* AppDelegate.swift in Sources */,
			);
			runOnlyForDeploymentPostprocessing = 0;
		};
		C53897421A06149200B8F429 /* Sources */ = {
			isa = PBXSourcesBuildPhase;
			buildActionMask = 2147483647;
			files = (
				C538974D1A06149200B8F429 /* Ders2Tests.swift in Sources */,
			);
			runOnlyForDeploymentPostprocessing = 0;
		};
/* End PBXSourcesBuildPhase section */

/* Begin PBXTargetDependency section */
		C53897481A06149200B8F429 /* PBXTargetDependency */ = {
			isa = PBXTargetDependency;
			target = C53897301A06149200B8F429 /* Ders2 */;
			targetProxy = C53897471A06149200B8F429 /* PBXContainerItemProxy */;
		};
/* End PBXTargetDependency section */

/* Begin PBXVariantGroup section */
		C538973A1A06149200B8F429 /* Main.storyboard */ = {
			isa = PBXVariantGroup;
			children = (
				C538973B1A06149200B8F429 /* Base */,
			);
			name = Main.storyboard;
			sourceTree = "<group>";
		};
		C538973F1A06149200B8F429 /* LaunchScreen.xib */ = {
			isa = PBXVariantGroup;
			children = (
				C53897401A06149200B8F429 /* Base */,
			);
			name = LaunchScreen.xib;
			sourceTree = "<group>";
		};
/* End PBXVariantGroup section */

/* Begin XCBuildConfiguration section */
		C538974E1A06149200B8F429 /* Debug */ = {
			isa = XCBuildConfiguration;
			buildSettings = {
				ALWAYS_SEARCH_USER_PATHS = NO;
				CLANG_CXX_LANGUAGE_STANDARD = "gnu++0x";
				CLANG_CXX_LIBRARY = "libc++";
				CLANG_ENABLE_MODULES = YES;
				CLANG_ENABLE_OBJC_ARC = YES;
				CLANG_WARN_BOOL_CONVERSION = YES;
				CLANG_WARN_CONSTANT_CONVERSION = YES;
				CLANG_WARN_DIRECT_OBJC_ISA_USAGE = YES_ERROR;
				CLANG_WARN_EMPTY_BODY = YES;
				CLANG_WARN_ENUM_CONVERSION = YES;
				CLANG_WARN_INT_CONVERSION = YES;
				CLANG_WARN_OBJC_ROOT_CLASS = YES_ERROR;
				CLANG_WARN_UNREACHABLE_CODE = YES;
				CLANG_WARN__DUPLICATE_METHOD_MATCH = YES;
				"CODE_SIGN_IDENTITY[sdk=iphoneos*]" = "iPhone Developer";
				COPY_PHASE_STRIP = NO;
				ENABLE_STRICT_OBJC_MSGSEND = YES;
				GCC_C_LANGUAGE_STANDARD = gnu99;
				GCC_DYNAMIC_NO_PIC = NO;
				GCC_OPTIMIZATION_LEVEL = 0;
				GCC_PREPROCESSOR_DEFINITIONS = (
					"DEBUG=1",
					"$(inherited)",
				);
				GCC_SYMBOLS_PRIVATE_EXTERN = NO;
				GCC_WARN_64_TO_32_BIT_CONVERSION = YES;
				GCC_WARN_ABOUT_RETURN_TYPE = YES_ERROR;
				GCC_WARN_UNDECLARED_SELECTOR = YES;
				GCC_WARN_UNINITIALIZED_AUTOS = YES_AGGRESSIVE;
				GCC_WARN_UNUSED_FUNCTION = YES;
				GCC_WARN_UNUSED_VARIABLE = YES;
				IPHONEOS_DEPLOYMENT_TARGET = 8.1;
				MTL_ENABLE_DEBUG_INFO = YES;
				ONLY_ACTIVE_ARCH = YES;
				SDKROOT = iphoneos;
				SWIFT_OPTIMIZATION_LEVEL = "-Onone";
			};
			name = Debug;
		};
		C538974F1A06149200B8F429 /* Release */ = {
			isa = XCBuildConfiguration;
			buildSettings = {
				ALWAYS_SEARCH_USER_PATHS = NO;
				CLANG_CXX_LANGUAGE_STANDARD = "gnu++0x";
				CLANG_CXX_LIBRARY = "libc++";
				CLANG_ENABLE_MODULES = YES;
				CLANG_ENABLE_OBJC_ARC = YES;
				CLANG_WARN_BOOL_CONVERSION = YES;
				CLANG_WARN_CONSTANT_CONVERSION = YES;
				CLANG_WARN_DIRECT_OBJC_ISA_USAGE = YES_ERROR;
				CLANG_WARN_EMPTY_BODY = YES;
				CLANG_WARN_ENUM_CONVERSION = YES;
				CLANG_WARN_INT_CONVERSION = YES;
				CLANG_WARN_OBJC_ROOT_CLASS = YES_ERROR;
				CLANG_WARN_UNREACHABLE_CODE = YES;
				CLANG_WARN__DUPLICATE_METHOD_MATCH = YES;
				"CODE_SIGN_IDENTITY[sdk=iphoneos*]" = "iPhone Developer";
				COPY_PHASE_STRIP = YES;
				ENABLE_NS_ASSERTIONS = NO;
				ENABLE_STRICT_OBJC_MSGSEND = YES;
				GCC_C_LANGUAGE_STANDARD = gnu99;
				GCC_WARN_64_TO_32_BIT_CONVERSION = YES;
				GCC_WARN_ABOUT_RETURN_TYPE = YES_ERROR;
				GCC_WARN_UNDECLARED_SELECTOR = YES;
				GCC_WARN_UNINITIALIZED_AUTOS = YES_AGGRESSIVE;
				GCC_WARN_UNUSED_FUNCTION = YES;
				GCC_WARN_UNUSED_VARIABLE = YES;
				IPHONEOS_DEPLOYMENT_TARGET = 8.1;
				MTL_ENABLE_DEBUG_INFO = NO;
				SDKROOT = iphoneos;
				VALIDATE_PRODUCT = YES;
			};
			name = Release;
		};
		C53897511A06149200B8F429 /* Debug */ = {
			isa = XCBuildConfiguration;
			buildSettings = {
				ASSETCATALOG_COMPILER_APPICON_NAME = AppIcon;
				INFOPLIST_FILE = Ders2/Info.plist;
				LD_RUNPATH_SEARCH_PATHS = "$(inherited) @executable_path/Frameworks";
				PRODUCT_NAME = "$(TARGET_NAME)";
			};
			name = Debug;
		};
		C53897521A06149200B8F429 /* Release */ = {
			isa = XCBuildConfiguration;
			buildSettings = {
				ASSETCATALOG_COMPILER_APPICON_NAME = AppIcon;
				INFOPLIST_FILE = Ders2/Info.plist;
				LD_RUNPATH_SEARCH_PATHS = "$(inherited) @executable_path/Frameworks";
				PRODUCT_NAME = "$(TARGET_NAME)";
			};
			name = Release;
		};
		C53897541A06149200B8F429 /* Debug */ = {
			isa = XCBuildConfiguration;
			buildSettings = {
				BUNDLE_LOADER = "$(TEST_HOST)";
				FRAMEWORK_SEARCH_PATHS = (
					"$(SDKROOT)/Developer/Library/Frameworks",
					"$(inherited)",
				);
				GCC_PREPROCESSOR_DEFINITIONS = (
					"DEBUG=1",
					"$(inherited)",
				);
				INFOPLIST_FILE = Ders2Tests/Info.plist;
				LD_RUNPATH_SEARCH_PATHS = "$(inherited) @executable_path/Frameworks @loader_path/Frameworks";
				PRODUCT_NAME = "$(TARGET_NAME)";
				TEST_HOST = "$(BUILT_PRODUCTS_DIR)/Ders2.app/Ders2";
			};
			name = Debug;
		};
		C53897551A06149200B8F429 /* Release */ = {
			isa = XCBuildConfiguration;
			buildSettings = {
				BUNDLE_LOADER = "$(TEST_HOST)";
				FRAMEWORK_SEARCH_PATHS = (
					"$(SDKROOT)/Developer/Library/Frameworks",
					"$(inherited)",
				);
				INFOPLIST_FILE = Ders2Tests/Info.plist;
				LD_RUNPATH_SEARCH_PATHS = "$(inherited) @executable_path/Frameworks @loader_path/Frameworks";
				PRODUCT_NAME = "$(TARGET_NAME)";
				TEST_HOST = "$(BUILT_PRODUCTS_DIR)/Ders2.app/Ders2";
			};
			name = Release;
		};
/* End XCBuildConfiguration section */

/* Begin XCConfigurationList section */
		C538972C1A06149200B8F429 /* Build configuration list for PBXProject "Ders2" */ = {
			isa = XCConfigurationList;
			buildConfigurations = (
				C538974E1A06149200B8F429 /* Debug */,
				C538974F1A06149200B8F429 /* Release */,
			);
			defaultConfigurationIsVisible = 0;
			defaultConfigurationName = Release;
		};
		C53897501A06149200B8F429 /* Build configuration list for PBXNativeTarget "Ders2" */ = {
			isa = XCConfigurationList;
			buildConfigurations = (
				C53897511A06149200B8F429 /* Debug */,
				C53897521A06149200B8F429 /* Release */,
			);
			defaultConfigurationIsVisible = 0;
		};
		C53897531A06149200B8F429 /* Build configuration list for PBXNativeTarget "Ders2Tests" */ = {
			isa = XCConfigurationList;
			buildConfigurations = (
				C53897541A06149200B8F429 /* Debug */,
				C53897551A06149200B8F429 /* Release */,
			);
			defaultConfigurationIsVisible = 0;
		};
/* End XCConfigurationList section */
	};
	rootObject = C53897291A06149200B8F429 /* Project object */;
}
