// !$*UTF8*$!
{
	archiveVersion = 1;
	classes = {
	};
	objectVersion = 46;
	objects = {

/* Begin PBXBuildFile section */
		C50031091A74F3D700C926E9 /* AppDelegate.swift in Sources */ = {isa = PBXBuildFile; fileRef = C50031081A74F3D700C926E9 /* AppDelegate.swift */; };
		C500310B1A74F3D700C926E9 /* ViewController.swift in Sources */ = {isa = PBXBuildFile; fileRef = C500310A1A74F3D700C926E9 /* ViewController.swift */; };
		C500310E1A74F3D700C926E9 /* Main.storyboard in Resources */ = {isa = PBXBuildFile; fileRef = C500310C1A74F3D700C926E9 /* Main.storyboard */; };
		C50031101A74F3D700C926E9 /* Images.xcassets in Resources */ = {isa = PBXBuildFile; fileRef = C500310F1A74F3D700C926E9 /* Images.xcassets */; };
		C50031131A74F3D700C926E9 /* LaunchScreen.xib in Resources */ = {isa = PBXBuildFile; fileRef = C50031111A74F3D700C926E9 /* LaunchScreen.xib */; };
		C500311F1A74F3D800C926E9 /* TableSampleTests.swift in Sources */ = {isa = PBXBuildFile; fileRef = C500311E1A74F3D800C926E9 /* TableSampleTests.swift */; };
/* End PBXBuildFile section */

/* Begin PBXContainerItemProxy section */
		C50031191A74F3D800C926E9 /* PBXContainerItemProxy */ = {
			isa = PBXContainerItemProxy;
			containerPortal = C50030FB1A74F3D700C926E9 /* Project object */;
			proxyType = 1;
			remoteGlobalIDString = C50031021A74F3D700C926E9;
			remoteInfo = TableSample;
		};
/* End PBXContainerItemProxy section */

/* Begin PBXFileReference section */
		C50031031A74F3D700C926E9 /* TableSample.app */ = {isa = PBXFileReference; explicitFileType = wrapper.application; includeInIndex = 0; path = TableSample.app; sourceTree = BUILT_PRODUCTS_DIR; };
		C50031071A74F3D700C926E9 /* Info.plist */ = {isa = PBXFileReference; lastKnownFileType = text.plist.xml; path = Info.plist; sourceTree = "<group>"; };
		C50031081A74F3D700C926E9 /* AppDelegate.swift */ = {isa = PBXFileReference; lastKnownFileType = sourcecode.swift; path = AppDelegate.swift; sourceTree = "<group>"; };
		C500310A1A74F3D700C926E9 /* ViewController.swift */ = {isa = PBXFileReference; lastKnownFileType = sourcecode.swift; path = ViewController.swift; sourceTree = "<group>"; };
		C500310D1A74F3D700C926E9 /* Base */ = {isa = PBXFileReference; lastKnownFileType = file.storyboard; name = Base; path = Base.lproj/Main.storyboard; sourceTree = "<group>"; };
		C500310F1A74F3D700C926E9 /* Images.xcassets */ = {isa = PBXFileReference; lastKnownFileType = folder.assetcatalog; path = Images.xcassets; sourceTree = "<group>"; };
		C50031121A74F3D700C926E9 /* Base */ = {isa = PBXFileReference; lastKnownFileType = file.xib; name = Base; path = Base.lproj/LaunchScreen.xib; sourceTree = "<group>"; };
		C50031181A74F3D800C926E9 /* TableSampleTests.xctest */ = {isa = PBXFileReference; explicitFileType = wrapper.cfbundle; includeInIndex = 0; path = TableSampleTests.xctest; sourceTree = BUILT_PRODUCTS_DIR; };
		C500311D1A74F3D800C926E9 /* Info.plist */ = {isa = PBXFileReference; lastKnownFileType = text.plist.xml; path = Info.plist; sourceTree = "<group>"; };
		C500311E1A74F3D800C926E9 /* TableSampleTests.swift */ = {isa = PBXFileReference; lastKnownFileType = sourcecode.swift; path = TableSampleTests.swift; sourceTree = "<group>"; };
/* End PBXFileReference section */

/* Begin PBXFrameworksBuildPhase section */
		C50031001A74F3D700C926E9 /* Frameworks */ = {
			isa = PBXFrameworksBuildPhase;
			buildActionMask = 2147483647;
			files = (
			);
			runOnlyForDeploymentPostprocessing = 0;
		};
		C50031151A74F3D800C926E9 /* Frameworks */ = {
			isa = PBXFrameworksBuildPhase;
			buildActionMask = 2147483647;
			files = (
			);
			runOnlyForDeploymentPostprocessing = 0;
		};
/* End PBXFrameworksBuildPhase section */

/* Begin PBXGroup section */
		C50030FA1A74F3D700C926E9 = {
			isa = PBXGroup;
			children = (
				C50031051A74F3D700C926E9 /* TableSample */,
				C500311B1A74F3D800C926E9 /* TableSampleTests */,
				C50031041A74F3D700C926E9 /* Products */,
			);
			sourceTree = "<group>";
		};
		C50031041A74F3D700C926E9 /* Products */ = {
			isa = PBXGroup;
			children = (
				C50031031A74F3D700C926E9 /* TableSample.app */,
				C50031181A74F3D800C926E9 /* TableSampleTests.xctest */,
			);
			name = Products;
			sourceTree = "<group>";
		};
		C50031051A74F3D700C926E9 /* TableSample */ = {
			isa = PBXGroup;
			children = (
				C50031081A74F3D700C926E9 /* AppDelegate.swift */,
				C500310A1A74F3D700C926E9 /* ViewController.swift */,
				C500310C1A74F3D700C926E9 /* Main.storyboard */,
				C500310F1A74F3D700C926E9 /* Images.xcassets */,
				C50031111A74F3D700C926E9 /* LaunchScreen.xib */,
				C50031061A74F3D700C926E9 /* Supporting Files */,
			);
			path = TableSample;
			sourceTree = "<group>";
		};
		C50031061A74F3D700C926E9 /* Supporting Files */ = {
			isa = PBXGroup;
			children = (
				C50031071A74F3D700C926E9 /* Info.plist */,
			);
			name = "Supporting Files";
			sourceTree = "<group>";
		};
		C500311B1A74F3D800C926E9 /* TableSampleTests */ = {
			isa = PBXGroup;
			children = (
				C500311E1A74F3D800C926E9 /* TableSampleTests.swift */,
				C500311C1A74F3D800C926E9 /* Supporting Files */,
			);
			path = TableSampleTests;
			sourceTree = "<group>";
		};
		C500311C1A74F3D800C926E9 /* Supporting Files */ = {
			isa = PBXGroup;
			children = (
				C500311D1A74F3D800C926E9 /* Info.plist */,
			);
			name = "Supporting Files";
			sourceTree = "<group>";
		};
/* End PBXGroup section */

/* Begin PBXNativeTarget section */
		C50031021A74F3D700C926E9 /* TableSample */ = {
			isa = PBXNativeTarget;
			buildConfigurationList = C50031221A74F3D800C926E9 /* Build configuration list for PBXNativeTarget "TableSample" */;
			buildPhases = (
				C50030FF1A74F3D700C926E9 /* Sources */,
				C50031001A74F3D700C926E9 /* Frameworks */,
				C50031011A74F3D700C926E9 /* Resources */,
			);
			buildRules = (
			);
			dependencies = (
			);
			name = TableSample;
			productName = TableSample;
			productReference = C50031031A74F3D700C926E9 /* TableSample.app */;
			productType = "com.apple.product-type.application";
		};
		C50031171A74F3D800C926E9 /* TableSampleTests */ = {
			isa = PBXNativeTarget;
			buildConfigurationList = C50031251A74F3D800C926E9 /* Build configuration list for PBXNativeTarget "TableSampleTests" */;
			buildPhases = (
				C50031141A74F3D800C926E9 /* Sources */,
				C50031151A74F3D800C926E9 /* Frameworks */,
				C50031161A74F3D800C926E9 /* Resources */,
			);
			buildRules = (
			);
			dependencies = (
				C500311A1A74F3D800C926E9 /* PBXTargetDependency */,
			);
			name = TableSampleTests;
			productName = TableSampleTests;
			productReference = C50031181A74F3D800C926E9 /* TableSampleTests.xctest */;
			productType = "com.apple.product-type.bundle.unit-test";
		};
/* End PBXNativeTarget section */

/* Begin PBXProject section */
		C50030FB1A74F3D700C926E9 /* Project object */ = {
			isa = PBXProject;
			attributes = {
				LastUpgradeCheck = 0610;
				ORGANIZATIONNAME = Wissen;
				TargetAttributes = {
					C50031021A74F3D700C926E9 = {
						CreatedOnToolsVersion = 6.1.1;
					};
					C50031171A74F3D800C926E9 = {
						CreatedOnToolsVersion = 6.1.1;
						TestTargetID = C50031021A74F3D700C926E9;
					};
				};
			};
			buildConfigurationList = C50030FE1A74F3D700C926E9 /* Build configuration list for PBXProject "TableSample" */;
			compatibilityVersion = "Xcode 3.2";
			developmentRegion = English;
			hasScannedForEncodings = 0;
			knownRegions = (
				en,
				Base,
			);
			mainGroup = C50030FA1A74F3D700C926E9;
			productRefGroup = C50031041A74F3D700C926E9 /* Products */;
			projectDirPath = "";
			projectRoot = "";
			targets = (
				C50031021A74F3D700C926E9 /* TableSample */,
				C50031171A74F3D800C926E9 /* TableSampleTests */,
			);
		};
/* End PBXProject section */

/* Begin PBXResourcesBuildPhase section */
		C50031011A74F3D700C926E9 /* Resources */ = {
			isa = PBXResourcesBuildPhase;
			buildActionMask = 2147483647;
			files = (
				C500310E1A74F3D700C926E9 /* Main.storyboard in Resources */,
				C50031131A74F3D700C926E9 /* LaunchScreen.xib in Resources */,
				C50031101A74F3D700C926E9 /* Images.xcassets in Resources */,
			);
			runOnlyForDeploymentPostprocessing = 0;
		};
		C50031161A74F3D800C926E9 /* Resources */ = {
			isa = PBXResourcesBuildPhase;
			buildActionMask = 2147483647;
			files = (
			);
			runOnlyForDeploymentPostprocessing = 0;
		};
/* End PBXResourcesBuildPhase section */

/* Begin PBXSourcesBuildPhase section */
		C50030FF1A74F3D700C926E9 /* Sources */ = {
			isa = PBXSourcesBuildPhase;
			buildActionMask = 2147483647;
			files = (
				C500310B1A74F3D700C926E9 /* ViewController.swift in Sources */,
				C50031091A74F3D700C926E9 /* AppDelegate.swift in Sources */,
			);
			runOnlyForDeploymentPostprocessing = 0;
		};
		C50031141A74F3D800C926E9 /* Sources */ = {
			isa = PBXSourcesBuildPhase;
			buildActionMask = 2147483647;
			files = (
				C500311F1A74F3D800C926E9 /* TableSampleTests.swift in Sources */,
			);
			runOnlyForDeploymentPostprocessing = 0;
		};
/* End PBXSourcesBuildPhase section */

/* Begin PBXTargetDependency section */
		C500311A1A74F3D800C926E9 /* PBXTargetDependency */ = {
			isa = PBXTargetDependency;
			target = C50031021A74F3D700C926E9 /* TableSample */;
			targetProxy = C50031191A74F3D800C926E9 /* PBXContainerItemProxy */;
		};
/* End PBXTargetDependency section */

/* Begin PBXVariantGroup section */
		C500310C1A74F3D700C926E9 /* Main.storyboard */ = {
			isa = PBXVariantGroup;
			children = (
				C500310D1A74F3D700C926E9 /* Base */,
			);
			name = Main.storyboard;
			sourceTree = "<group>";
		};
		C50031111A74F3D700C926E9 /* LaunchScreen.xib */ = {
			isa = PBXVariantGroup;
			children = (
				C50031121A74F3D700C926E9 /* Base */,
			);
			name = LaunchScreen.xib;
			sourceTree = "<group>";
		};
/* End PBXVariantGroup section */

/* Begin XCBuildConfiguration section */
		C50031201A74F3D800C926E9 /* Debug */ = {
			isa = XCBuildConfiguration;
			buildSettings = {
				ALWAYS_SEARCH_USER_PATHS = NO;
				CLANG_CXX_LANGUAGE_STANDARD = "gnu++0x";
				CLANG_CXX_LIBRARY = "libc++";
				CLANG_ENABLE_MODULES = YES;
				CLANG_ENABLE_OBJC_ARC = YES;
				CLANG_WARN_BOOL_CONVERSION = YES;
				CLANG_WARN_CONSTANT_CONVERSION = YES;
				CLANG_WARN_DIRECT_OBJC_ISA_USAGE = YES_ERROR;
				CLANG_WARN_EMPTY_BODY = YES;
				CLANG_WARN_ENUM_CONVERSION = YES;
				CLANG_WARN_INT_CONVERSION = YES;
				CLANG_WARN_OBJC_ROOT_CLASS = YES_ERROR;
				CLANG_WARN_UNREACHABLE_CODE = YES;
				CLANG_WARN__DUPLICATE_METHOD_MATCH = YES;
				"CODE_SIGN_IDENTITY[sdk=iphoneos*]" = "iPhone Developer";
				COPY_PHASE_STRIP = NO;
				ENABLE_STRICT_OBJC_MSGSEND = YES;
				GCC_C_LANGUAGE_STANDARD = gnu99;
				GCC_DYNAMIC_NO_PIC = NO;
				GCC_OPTIMIZATION_LEVEL = 0;
				GCC_PREPROCESSOR_DEFINITIONS = (
					"DEBUG=1",
					"$(inherited)",
				);
				GCC_SYMBOLS_PRIVATE_EXTERN = NO;
				GCC_WARN_64_TO_32_BIT_CONVERSION = YES;
				GCC_WARN_ABOUT_RETURN_TYPE = YES_ERROR;
				GCC_WARN_UNDECLARED_SELECTOR = YES;
				GCC_WARN_UNINITIALIZED_AUTOS = YES_AGGRESSIVE;
				GCC_WARN_UNUSED_FUNCTION = YES;
				GCC_WARN_UNUSED_VARIABLE = YES;
				IPHONEOS_DEPLOYMENT_TARGET = 8.1;
				MTL_ENABLE_DEBUG_INFO = YES;
				ONLY_ACTIVE_ARCH = YES;
				SDKROOT = iphoneos;
				SWIFT_OPTIMIZATION_LEVEL = "-Onone";
				TARGETED_DEVICE_FAMILY = "1,2";
			};
			name = Debug;
		};
		C50031211A74F3D800C926E9 /* Release */ = {
			isa = XCBuildConfiguration;
			buildSettings = {
				ALWAYS_SEARCH_USER_PATHS = NO;
				CLANG_CXX_LANGUAGE_STANDARD = "gnu++0x";
				CLANG_CXX_LIBRARY = "libc++";
				CLANG_ENABLE_MODULES = YES;
				CLANG_ENABLE_OBJC_ARC = YES;
				CLANG_WARN_BOOL_CONVERSION = YES;
				CLANG_WARN_CONSTANT_CONVERSION = YES;
				CLANG_WARN_DIRECT_OBJC_ISA_USAGE = YES_ERROR;
				CLANG_WARN_EMPTY_BODY = YES;
				CLANG_WARN_ENUM_CONVERSION = YES;
				CLANG_WARN_INT_CONVERSION = YES;
				CLANG_WARN_OBJC_ROOT_CLASS = YES_ERROR;
				CLANG_WARN_UNREACHABLE_CODE = YES;
				CLANG_WARN__DUPLICATE_METHOD_MATCH = YES;
				"CODE_SIGN_IDENTITY[sdk=iphoneos*]" = "iPhone Developer";
				COPY_PHASE_STRIP = YES;
				ENABLE_NS_ASSERTIONS = NO;
				ENABLE_STRICT_OBJC_MSGSEND = YES;
				GCC_C_LANGUAGE_STANDARD = gnu99;
				GCC_WARN_64_TO_32_BIT_CONVERSION = YES;
				GCC_WARN_ABOUT_RETURN_TYPE = YES_ERROR;
				GCC_WARN_UNDECLARED_SELECTOR = YES;
				GCC_WARN_UNINITIALIZED_AUTOS = YES_AGGRESSIVE;
				GCC_WARN_UNUSED_FUNCTION = YES;
				GCC_WARN_UNUSED_VARIABLE = YES;
				IPHONEOS_DEPLOYMENT_TARGET = 8.1;
				MTL_ENABLE_DEBUG_INFO = NO;
				SDKROOT = iphoneos;
				TARGETED_DEVICE_FAMILY = "1,2";
				VALIDATE_PRODUCT = YES;
			};
			name = Release;
		};
		C50031231A74F3D800C926E9 /* Debug */ = {
			isa = XCBuildConfiguration;
			buildSettings = {
				ASSETCATALOG_COMPILER_APPICON_NAME = AppIcon;
				INFOPLIST_FILE = TableSample/Info.plist;
				LD_RUNPATH_SEARCH_PATHS = "$(inherited) @executable_path/Frameworks";
				PRODUCT_NAME = "$(TARGET_NAME)";
			};
			name = Debug;
		};
		C50031241A74F3D800C926E9 /* Release */ = {
			isa = XCBuildConfiguration;
			buildSettings = {
				ASSETCATALOG_COMPILER_APPICON_NAME = AppIcon;
				INFOPLIST_FILE = TableSample/Info.plist;
				LD_RUNPATH_SEARCH_PATHS = "$(inherited) @executable_path/Frameworks";
				PRODUCT_NAME = "$(TARGET_NAME)";
			};
			name = Release;
		};
		C50031261A74F3D800C926E9 /* Debug */ = {
			isa = XCBuildConfiguration;
			buildSettings = {
				BUNDLE_LOADER = "$(TEST_HOST)";
				FRAMEWORK_SEARCH_PATHS = (
					"$(SDKROOT)/Developer/Library/Frameworks",
					"$(inherited)",
				);
				GCC_PREPROCESSOR_DEFINITIONS = (
					"DEBUG=1",
					"$(inherited)",
				);
				INFOPLIST_FILE = TableSampleTests/Info.plist;
				LD_RUNPATH_SEARCH_PATHS = "$(inherited) @executable_path/Frameworks @loader_path/Frameworks";
				PRODUCT_NAME = "$(TARGET_NAME)";
				TEST_HOST = "$(BUILT_PRODUCTS_DIR)/TableSample.app/TableSample";
			};
			name = Debug;
		};
		C50031271A74F3D800C926E9 /* Release */ = {
			isa = XCBuildConfiguration;
			buildSettings = {
				BUNDLE_LOADER = "$(TEST_HOST)";
				FRAMEWORK_SEARCH_PATHS = (
					"$(SDKROOT)/Developer/Library/Frameworks",
					"$(inherited)",
				);
				INFOPLIST_FILE = TableSampleTests/Info.plist;
				LD_RUNPATH_SEARCH_PATHS = "$(inherited) @executable_path/Frameworks @loader_path/Frameworks";
				PRODUCT_NAME = "$(TARGET_NAME)";
				TEST_HOST = "$(BUILT_PRODUCTS_DIR)/TableSample.app/TableSample";
			};
			name = Release;
		};
/* End XCBuildConfiguration section */

/* Begin XCConfigurationList section */
		C50030FE1A74F3D700C926E9 /* Build configuration list for PBXProject "TableSample" */ = {
			isa = XCConfigurationList;
			buildConfigurations = (
				C50031201A74F3D800C926E9 /* Debug */,
				C50031211A74F3D800C926E9 /* Release */,
			);
			defaultConfigurationIsVisible = 0;
			defaultConfigurationName = Release;
		};
		C50031221A74F3D800C926E9 /* Build configuration list for PBXNativeTarget "TableSample" */ = {
			isa = XCConfigurationList;
			buildConfigurations = (
				C50031231A74F3D800C926E9 /* Debug */,
				C50031241A74F3D800C926E9 /* Release */,
			);
			defaultConfigurationIsVisible = 0;
		};
		C50031251A74F3D800C926E9 /* Build configuration list for PBXNativeTarget "TableSampleTests" */ = {
			isa = XCConfigurationList;
			buildConfigurations = (
				C50031261A74F3D800C926E9 /* Debug */,
				C50031271A74F3D800C926E9 /* Release */,
			);
			defaultConfigurationIsVisible = 0;
		};
/* End XCConfigurationList section */
	};
	rootObject = C50030FB1A74F3D700C926E9 /* Project object */;
}
